// !$*UTF8*$!
{
	archiveVersion = 1;
	classes = {
	};
	objectVersion = 46;
	objects = {

/* Begin PBXBuildFile section */
		E3FFF5F719B1F66C00B39C0D /* Foundation.framework in Frameworks */ = {isa = PBXBuildFile; fileRef = E3FFF5F619B1F66C00B39C0D /* Foundation.framework */; };
		E3FFF5F919B1F66C00B39C0D /* CoreGraphics.framework in Frameworks */ = {isa = PBXBuildFile; fileRef = E3FFF5F819B1F66C00B39C0D /* CoreGraphics.framework */; };
		E3FFF5FB19B1F66C00B39C0D /* UIKit.framework in Frameworks */ = {isa = PBXBuildFile; fileRef = E3FFF5FA19B1F66C00B39C0D /* UIKit.framework */; };
		E3FFF60119B1F66C00B39C0D /* InfoPlist.strings in Resources */ = {isa = PBXBuildFile; fileRef = E3FFF5FF19B1F66C00B39C0D /* InfoPlist.strings */; };
		E3FFF60319B1F66C00B39C0D /* main.m in Sources */ = {isa = PBXBuildFile; fileRef = E3FFF60219B1F66C00B39C0D /* main.m */; };
		E3FFF60719B1F66C00B39C0D /* CAppDelegate.m in Sources */ = {isa = PBXBuildFile; fileRef = E3FFF60619B1F66C00B39C0D /* CAppDelegate.m */; };
		E3FFF60A19B1F66C00B39C0D /* Main.storyboard in Resources */ = {isa = PBXBuildFile; fileRef = E3FFF60819B1F66C00B39C0D /* Main.storyboard */; };
		E3FFF60D19B1F66C00B39C0D /* CViewController.m in Sources */ = {isa = PBXBuildFile; fileRef = E3FFF60C19B1F66C00B39C0D /* CViewController.m */; };
		E3FFF60F19B1F66C00B39C0D /* Images.xcassets in Resources */ = {isa = PBXBuildFile; fileRef = E3FFF60E19B1F66C00B39C0D /* Images.xcassets */; };
		E3FFF61619B1F66C00B39C0D /* XCTest.framework in Frameworks */ = {isa = PBXBuildFile; fileRef = E3FFF61519B1F66C00B39C0D /* XCTest.framework */; };
		E3FFF61719B1F66C00B39C0D /* Foundation.framework in Frameworks */ = {isa = PBXBuildFile; fileRef = E3FFF5F619B1F66C00B39C0D /* Foundation.framework */; };
		E3FFF61819B1F66C00B39C0D /* UIKit.framework in Frameworks */ = {isa = PBXBuildFile; fileRef = E3FFF5FA19B1F66C00B39C0D /* UIKit.framework */; };
		E3FFF62019B1F66C00B39C0D /* InfoPlist.strings in Resources */ = {isa = PBXBuildFile; fileRef = E3FFF61E19B1F66C00B39C0D /* InfoPlist.strings */; };
		E3FFF62219B1F66C00B39C0D /* ModelViewTests.m in Sources */ = {isa = PBXBuildFile; fileRef = E3FFF62119B1F66C00B39C0D /* ModelViewTests.m */; };
		E3FFF62D19B1FA3400B39C0D /* CModalViewController.m in Sources */ = {isa = PBXBuildFile; fileRef = E3FFF62C19B1FA3400B39C0D /* CModalViewController.m */; };
/* End PBXBuildFile section */

/* Begin PBXContainerItemProxy section */
		E3FFF61919B1F66C00B39C0D /* PBXContainerItemProxy */ = {
			isa = PBXContainerItemProxy;
			containerPortal = E3FFF5EB19B1F66C00B39C0D /* Project object */;
			proxyType = 1;
			remoteGlobalIDString = E3FFF5F219B1F66C00B39C0D;
			remoteInfo = ModelView;
		};
/* End PBXContainerItemProxy section */

/* Begin PBXFileReference section */
		E3FFF5F319B1F66C00B39C0D /* ModelView.app */ = {isa = PBXFileReference; explicitFileType = wrapper.application; includeInIndex = 0; path = ModelView.app; sourceTree = BUILT_PRODUCTS_DIR; };
		E3FFF5F619B1F66C00B39C0D /* Foundation.framework */ = {isa = PBXFileReference; lastKnownFileType = wrapper.framework; name = Foundation.framework; path = System/Library/Frameworks/Foundation.framework; sourceTree = SDKROOT; };
		E3FFF5F819B1F66C00B39C0D /* CoreGraphics.framework */ = {isa = PBXFileReference; lastKnownFileType = wrapper.framework; name = CoreGraphics.framework; path = System/Library/Frameworks/CoreGraphics.framework; sourceTree = SDKROOT; };
		E3FFF5FA19B1F66C00B39C0D /* UIKit.framework */ = {isa = PBXFileReference; lastKnownFileType = wrapper.framework; name = UIKit.framework; path = System/Library/Frameworks/UIKit.framework; sourceTree = SDKROOT; };
		E3FFF5FE19B1F66C00B39C0D /* ModelView-Info.plist */ = {isa = PBXFileReference; lastKnownFileType = text.plist.xml; path = "ModelView-Info.plist"; sourceTree = "<group>"; };
		E3FFF60019B1F66C00B39C0D /* en */ = {isa = PBXFileReference; lastKnownFileType = text.plist.strings; name = en; path = en.lproj/InfoPlist.strings; sourceTree = "<group>"; };
		E3FFF60219B1F66C00B39C0D /* main.m */ = {isa = PBXFileReference; lastKnownFileType = sourcecode.c.objc; path = main.m; sourceTree = "<group>"; };
		E3FFF60419B1F66C00B39C0D /* ModelView-Prefix.pch */ = {isa = PBXFileReference; lastKnownFileType = sourcecode.c.h; path = "ModelView-Prefix.pch"; sourceTree = "<group>"; };
		E3FFF60519B1F66C00B39C0D /* CAppDelegate.h */ = {isa = PBXFileReference; lastKnownFileType = sourcecode.c.h; path = CAppDelegate.h; sourceTree = "<group>"; };
		E3FFF60619B1F66C00B39C0D /* CAppDelegate.m */ = {isa = PBXFileReference; lastKnownFileType = sourcecode.c.objc; path = CAppDelegate.m; sourceTree = "<group>"; };
		E3FFF60919B1F66C00B39C0D /* Base */ = {isa = PBXFileReference; lastKnownFileType = file.storyboard; name = Base; path = Base.lproj/Main.storyboard; sourceTree = "<group>"; };
		E3FFF60B19B1F66C00B39C0D /* CViewController.h */ = {isa = PBXFileReference; lastKnownFileType = sourcecode.c.h; path = CViewController.h; sourceTree = "<group>"; };
		E3FFF60C19B1F66C00B39C0D /* CViewController.m */ = {isa = PBXFileReference; lastKnownFileType = sourcecode.c.objc; path = CViewController.m; sourceTree = "<group>"; };
		E3FFF60E19B1F66C00B39C0D /* Images.xcassets */ = {isa = PBXFileReference; lastKnownFileType = folder.assetcatalog; path = Images.xcassets; sourceTree = "<group>"; };
		E3FFF61419B1F66C00B39C0D /* ModelViewTests.xctest */ = {isa = PBXFileReference; explicitFileType = wrapper.cfbundle; includeInIndex = 0; path = ModelViewTests.xctest; sourceTree = BUILT_PRODUCTS_DIR; };
		E3FFF61519B1F66C00B39C0D /* XCTest.framework */ = {isa = PBXFileReference; lastKnownFileType = wrapper.framework; name = XCTest.framework; path = Library/Frameworks/XCTest.framework; sourceTree = DEVELOPER_DIR; };
		E3FFF61D19B1F66C00B39C0D /* ModelViewTests-Info.plist */ = {isa = PBXFileReference; lastKnownFileType = text.plist.xml; path = "ModelViewTests-Info.plist"; sourceTree = "<group>"; };
		E3FFF61F19B1F66C00B39C0D /* en */ = {isa = PBXFileReference; lastKnownFileType = text.plist.strings; name = en; path = en.lproj/InfoPlist.strings; sourceTree = "<group>"; };
		E3FFF62119B1F66C00B39C0D /* ModelViewTests.m */ = {isa = PBXFileReference; lastKnownFileType = sourcecode.c.objc; path = ModelViewTests.m; sourceTree = "<group>"; };
		E3FFF62B19B1FA3400B39C0D /* CModalViewController.h */ = {isa = PBXFileReference; fileEncoding = 4; lastKnownFileType = sourcecode.c.h; path = CModalViewController.h; sourceTree = "<group>"; };
		E3FFF62C19B1FA3400B39C0D /* CModalViewController.m */ = {isa = PBXFileReference; fileEncoding = 4; lastKnownFileType = sourcecode.c.objc; path = CModalViewController.m; sourceTree = "<group>"; };
/* End PBXFileReference section */

/* Begin PBXFrameworksBuildPhase section */
		E3FFF5F019B1F66C00B39C0D /* Frameworks */ = {
			isa = PBXFrameworksBuildPhase;
			buildActionMask = 2147483647;
			files = (
				E3FFF5F919B1F66C00B39C0D /* CoreGraphics.framework in Frameworks */,
				E3FFF5FB19B1F66C00B39C0D /* UIKit.framework in Frameworks */,
				E3FFF5F719B1F66C00B39C0D /* Foundation.framework in Frameworks */,
			);
			runOnlyForDeploymentPostprocessing = 0;
		};
		E3FFF61119B1F66C00B39C0D /* Frameworks */ = {
			isa = PBXFrameworksBuildPhase;
			buildActionMask = 2147483647;
			files = (
				E3FFF61619B1F66C00B39C0D /* XCTest.framework in Frameworks */,
				E3FFF61819B1F66C00B39C0D /* UIKit.framework in Frameworks */,
				E3FFF61719B1F66C00B39C0D /* Foundation.framework in Frameworks */,
			);
			runOnlyForDeploymentPostprocessing = 0;
		};
/* End PBXFrameworksBuildPhase section */

/* Begin PBXGroup section */
		E3FFF5EA19B1F66C00B39C0D = {
			isa = PBXGroup;
			children = (
				E3FFF62B19B1FA3400B39C0D /* CModalViewController.h */,
				E3FFF62C19B1FA3400B39C0D /* CModalViewController.m */,
				E3FFF5FC19B1F66C00B39C0D /* ModelView */,
				E3FFF61B19B1F66C00B39C0D /* ModelViewTests */,
				E3FFF5F519B1F66C00B39C0D /* Frameworks */,
				E3FFF5F419B1F66C00B39C0D /* Products */,
			);
			sourceTree = "<group>";
		};
		E3FFF5F419B1F66C00B39C0D /* Products */ = {
			isa = PBXGroup;
			children = (
				E3FFF5F319B1F66C00B39C0D /* ModelView.app */,
				E3FFF61419B1F66C00B39C0D /* ModelViewTests.xctest */,
			);
			name = Products;
			sourceTree = "<group>";
		};
		E3FFF5F519B1F66C00B39C0D /* Frameworks */ = {
			isa = PBXGroup;
			children = (
				E3FFF5F619B1F66C00B39C0D /* Foundation.framework */,
				E3FFF5F819B1F66C00B39C0D /* CoreGraphics.framework */,
				E3FFF5FA19B1F66C00B39C0D /* UIKit.framework */,
				E3FFF61519B1F66C00B39C0D /* XCTest.framework */,
			);
			name = Frameworks;
			sourceTree = "<group>";
		};
		E3FFF5FC19B1F66C00B39C0D /* ModelView */ = {
			isa = PBXGroup;
			children = (
				E3FFF60519B1F66C00B39C0D /* CAppDelegate.h */,
				E3FFF60619B1F66C00B39C0D /* CAppDelegate.m */,
				E3FFF60819B1F66C00B39C0D /* Main.storyboard */,
				E3FFF60B19B1F66C00B39C0D /* CViewController.h */,
				E3FFF60C19B1F66C00B39C0D /* CViewController.m */,
				E3FFF60E19B1F66C00B39C0D /* Images.xcassets */,
				E3FFF5FD19B1F66C00B39C0D /* Supporting Files */,
			);
			path = ModelView;
			sourceTree = "<group>";
		};
		E3FFF5FD19B1F66C00B39C0D /* Supporting Files */ = {
			isa = PBXGroup;
			children = (
				E3FFF5FE19B1F66C00B39C0D /* ModelView-Info.plist */,
				E3FFF5FF19B1F66C00B39C0D /* InfoPlist.strings */,
				E3FFF60219B1F66C00B39C0D /* main.m */,
				E3FFF60419B1F66C00B39C0D /* ModelView-Prefix.pch */,
			);
			name = "Supporting Files";
			sourceTree = "<group>";
		};
		E3FFF61B19B1F66C00B39C0D /* ModelViewTests */ = {
			isa = PBXGroup;
			children = (
				E3FFF62119B1F66C00B39C0D /* ModelViewTests.m */,
				E3FFF61C19B1F66C00B39C0D /* Supporting Files */,
			);
			path = ModelViewTests;
			sourceTree = "<group>";
		};
		E3FFF61C19B1F66C00B39C0D /* Supporting Files */ = {
			isa = PBXGroup;
			children = (
				E3FFF61D19B1F66C00B39C0D /* ModelViewTests-Info.plist */,
				E3FFF61E19B1F66C00B39C0D /* InfoPlist.strings */,
			);
			name = "Supporting Files";
			sourceTree = "<group>";
		};
/* End PBXGroup section */

/* Begin PBXNativeTarget section */
		E3FFF5F219B1F66C00B39C0D /* ModelView */ = {
			isa = PBXNativeTarget;
			buildConfigurationList = E3FFF62519B1F66D00B39C0D /* Build configuration list for PBXNativeTarget "ModelView" */;
			buildPhases = (
				E3FFF5EF19B1F66C00B39C0D /* Sources */,
				E3FFF5F019B1F66C00B39C0D /* Frameworks */,
				E3FFF5F119B1F66C00B39C0D /* Resources */,
			);
			buildRules = (
			);
			dependencies = (
			);
			name = ModelView;
			productName = ModelView;
			productReference = E3FFF5F319B1F66C00B39C0D /* ModelView.app */;
			productType = "com.apple.product-type.application";
		};
		E3FFF61319B1F66C00B39C0D /* ModelViewTests */ = {
			isa = PBXNativeTarget;
			buildConfigurationList = E3FFF62819B1F66D00B39C0D /* Build configuration list for PBXNativeTarget "ModelViewTests" */;
			buildPhases = (
				E3FFF61019B1F66C00B39C0D /* Sources */,
				E3FFF61119B1F66C00B39C0D /* Frameworks */,
				E3FFF61219B1F66C00B39C0D /* Resources */,
			);
			buildRules = (
			);
			dependencies = (
				E3FFF61A19B1F66C00B39C0D /* PBXTargetDependency */,
			);
			name = ModelViewTests;
			productName = ModelViewTests;
			productReference = E3FFF61419B1F66C00B39C0D /* ModelViewTests.xctest */;
			productType = "com.apple.product-type.bundle.unit-test";
		};
/* End PBXNativeTarget section */

/* Begin PBXProject section */
		E3FFF5EB19B1F66C00B39C0D /* Project object */ = {
			isa = PBXProject;
			attributes = {
				CLASSPREFIX = C;
				LastUpgradeCheck = 0510;
				ORGANIZATIONNAME = com.MySuperCompany;
				TargetAttributes = {
					E3FFF61319B1F66C00B39C0D = {
						TestTargetID = E3FFF5F219B1F66C00B39C0D;
					};
				};
			};
			buildConfigurationList = E3FFF5EE19B1F66C00B39C0D /* Build configuration list for PBXProject "ModelView" */;
			compatibilityVersion = "Xcode 3.2";
			developmentRegion = English;
			hasScannedForEncodings = 0;
			knownRegions = (
				en,
				Base,
			);
			mainGroup = E3FFF5EA19B1F66C00B39C0D;
			productRefGroup = E3FFF5F419B1F66C00B39C0D /* Products */;
			projectDirPath = "";
			projectRoot = "";
			targets = (
				E3FFF5F219B1F66C00B39C0D /* ModelView */,
				E3FFF61319B1F66C00B39C0D /* ModelViewTests */,
			);
		};
/* End PBXProject section */

/* Begin PBXResourcesBuildPhase section */
		E3FFF5F119B1F66C00B39C0D /* Resources */ = {
			isa = PBXResourcesBuildPhase;
			buildActionMask = 2147483647;
			files = (
				E3FFF60F19B1F66C00B39C0D /* Images.xcassets in Resources */,
				E3FFF60119B1F66C00B39C0D /* InfoPlist.strings in Resources */,
				E3FFF60A19B1F66C00B39C0D /* Main.storyboard in Resources */,
			);
			runOnlyForDeploymentPostprocessing = 0;
		};
		E3FFF61219B1F66C00B39C0D /* Resources */ = {
			isa = PBXResourcesBuildPhase;
			buildActionMask = 2147483647;
			files = (
				E3FFF62019B1F66C00B39C0D /* InfoPlist.strings in Resources */,
			);
			runOnlyForDeploymentPostprocessing = 0;
		};
/* End PBXResourcesBuildPhase section */

/* Begin PBXSourcesBuildPhase section */
		E3FFF5EF19B1F66C00B39C0D /* Sources */ = {
			isa = PBXSourcesBuildPhase;
			buildActionMask = 2147483647;
			files = (
				E3FFF62D19B1FA3400B39C0D /* CModalViewController.m in Sources */,
				E3FFF60719B1F66C00B39C0D /* CAppDelegate.m in Sources */,
				E3FFF60319B1F66C00B39C0D /* main.m in Sources */,
				E3FFF60D19B1F66C00B39C0D /* CViewController.m in Sources */,
			);
			runOnlyForDeploymentPostprocessing = 0;
		};
		E3FFF61019B1F66C00B39C0D /* Sources */ = {
			isa = PBXSourcesBuildPhase;
			buildActionMask = 2147483647;
			files = (
				E3FFF62219B1F66C00B39C0D /* ModelViewTests.m in Sources */,
			);
			runOnlyForDeploymentPostprocessing = 0;
		};
/* End PBXSourcesBuildPhase section */

/* Begin PBXTargetDependency section */
		E3FFF61A19B1F66C00B39C0D /* PBXTargetDependency */ = {
			isa = PBXTargetDependency;
			target = E3FFF5F219B1F66C00B39C0D /* ModelView */;
			targetProxy = E3FFF61919B1F66C00B39C0D /* PBXContainerItemProxy */;
		};
/* End PBXTargetDependency section */

/* Begin PBXVariantGroup section */
		E3FFF5FF19B1F66C00B39C0D /* InfoPlist.strings */ = {
			isa = PBXVariantGroup;
			children = (
				E3FFF60019B1F66C00B39C0D /* en */,
			);
			name = InfoPlist.strings;
			sourceTree = "<group>";
		};
		E3FFF60819B1F66C00B39C0D /* Main.storyboard */ = {
			isa = PBXVariantGroup;
			children = (
				E3FFF60919B1F66C00B39C0D /* Base */,
			);
			name = Main.storyboard;
			sourceTree = "<group>";
		};
		E3FFF61E19B1F66C00B39C0D /* InfoPlist.strings */ = {
			isa = PBXVariantGroup;
			children = (
				E3FFF61F19B1F66C00B39C0D /* en */,
			);
			name = InfoPlist.strings;
			sourceTree = "<group>";
		};
/* End PBXVariantGroup section */

/* Begin XCBuildConfiguration section */
		E3FFF62319B1F66C00B39C0D /* Debug */ = {
			isa = XCBuildConfiguration;
			buildSettings = {
				ALWAYS_SEARCH_USER_PATHS = NO;
				CLANG_CXX_LANGUAGE_STANDARD = "gnu++0x";
				CLANG_CXX_LIBRARY = "libc++";
				CLANG_ENABLE_MODULES = YES;
				CLANG_ENABLE_OBJC_ARC = NO;
				CLANG_WARN_BOOL_CONVERSION = YES;
				CLANG_WARN_CONSTANT_CONVERSION = YES;
				CLANG_WARN_DIRECT_OBJC_ISA_USAGE = YES_ERROR;
				CLANG_WARN_EMPTY_BODY = YES;
				CLANG_WARN_ENUM_CONVERSION = YES;
				CLANG_WARN_INT_CONVERSION = YES;
				CLANG_WARN_OBJC_ROOT_CLASS = YES_ERROR;
				CLANG_WARN__DUPLICATE_METHOD_MATCH = YES;
				"CODE_SIGN_IDENTITY[sdk=iphoneos*]" = "iPhone Developer";
				COPY_PHASE_STRIP = NO;
				GCC_C_LANGUAGE_STANDARD = gnu99;
				GCC_DYNAMIC_NO_PIC = NO;
				GCC_OPTIMIZATION_LEVEL = 0;
				GCC_PREPROCESSOR_DEFINITIONS = (
					"DEBUG=1",
					"$(inherited)",
				);
				GCC_SYMBOLS_PRIVATE_EXTERN = NO;
				GCC_WARN_64_TO_32_BIT_CONVERSION = YES;
				GCC_WARN_ABOUT_RETURN_TYPE = YES_ERROR;
				GCC_WARN_UNDECLARED_SELECTOR = YES;
				GCC_WARN_UNINITIALIZED_AUTOS = YES_AGGRESSIVE;
				GCC_WARN_UNUSED_FUNCTION = YES;
				GCC_WARN_UNUSED_VARIABLE = YES;
				IPHONEOS_DEPLOYMENT_TARGET = 6.0;
				ONLY_ACTIVE_ARCH = YES;
				SDKROOT = iphoneos;
			};
			name = Debug;
		};
		E3FFF62419B1F66C00B39C0D /* Release */ = {
			isa = XCBuildConfiguration;
			buildSettings = {
				ALWAYS_SEARCH_USER_PATHS = NO;
				CLANG_CXX_LANGUAGE_STANDARD = "gnu++0x";
				CLANG_CXX_LIBRARY = "libc++";
				CLANG_ENABLE_MODULES = YES;
				CLANG_ENABLE_OBJC_ARC = NO;
				CLANG_WARN_BOOL_CONVERSION = YES;
				CLANG_WARN_CONSTANT_CONVERSION = YES;
				CLANG_WARN_DIRECT_OBJC_ISA_USAGE = YES_ERROR;
				CLANG_WARN_EMPTY_BODY = YES;
				CLANG_WARN_ENUM_CONVERSION = YES;
				CLANG_WARN_INT_CONVERSION = YES;
				CLANG_WARN_OBJC_ROOT_CLASS = YES_ERROR;
				CLANG_WARN__DUPLICATE_METHOD_MATCH = YES;
				"CODE_SIGN_IDENTITY[sdk=iphoneos*]" = "iPhone Developer";
				COPY_PHASE_STRIP = YES;
				ENABLE_NS_ASSERTIONS = NO;
				GCC_C_LANGUAGE_STANDARD = gnu99;
				GCC_WARN_64_TO_32_BIT_CONVERSION = YES;
				GCC_WARN_ABOUT_RETURN_TYPE = YES_ERROR;
				GCC_WARN_UNDECLARED_SELECTOR = YES;
				GCC_WARN_UNINITIALIZED_AUTOS = YES_AGGRESSIVE;
				GCC_WARN_UNUSED_FUNCTION = YES;
				GCC_WARN_UNUSED_VARIABLE = YES;
				IPHONEOS_DEPLOYMENT_TARGET = 6.0;
				SDKROOT = iphoneos;
				VALIDATE_PRODUCT = YES;
			};
			name = Release;
		};
		E3FFF62619B1F66D00B39C0D /* Debug */ = {
			isa = XCBuildConfiguration;
			buildSettings = {
				ASSETCATALOG_COMPILER_APPICON_NAME = AppIcon;
				ASSETCATALOG_COMPILER_LAUNCHIMAGE_NAME = LaunchImage;
				GCC_PRECOMPILE_PREFIX_HEADER = YES;
				GCC_PREFIX_HEADER = "ModelView/ModelView-Prefix.pch";
				INFOPLIST_FILE = "ModelView/ModelView-Info.plist";
				IPHONEOS_DEPLOYMENT_TARGET = 6.1;
				PRODUCT_NAME = "$(TARGET_NAME)";
				WRAPPER_EXTENSION = app;
			};
			name = Debug;
		};
		E3FFF62719B1F66D00B39C0D /* Release */ = {
			isa = XCBuildConfiguration;
			buildSettings = {
				ASSETCATALOG_COMPILER_APPICON_NAME = AppIcon;
				ASSETCATALOG_COMPILER_LAUNCHIMAGE_NAME = LaunchImage;
				GCC_PRECOMPILE_PREFIX_HEADER = YES;
				GCC_PREFIX_HEADER = "ModelView/ModelView-Prefix.pch";
				INFOPLIST_FILE = "ModelView/ModelView-Info.plist";
				IPHONEOS_DEPLOYMENT_TARGET = 6.1;
				PRODUCT_NAME = "$(TARGET_NAME)";
				WRAPPER_EXTENSION = app;
			};
			name = Release;
		};
		E3FFF62919B1F66D00B39C0D /* Debug */ = {
			isa = XCBuildConfiguration;
			buildSettings = {
				BUNDLE_LOADER = "$(BUILT_PRODUCTS_DIR)/ModelView.app/ModelView";
				FRAMEWORK_SEARCH_PATHS = (
					"$(SDKROOT)/Developer/Library/Frameworks",
					"$(inherited)",
					"$(DEVELOPER_FRAMEWORKS_DIR)",
				);
				GCC_PRECOMPILE_PREFIX_HEADER = YES;
				GCC_PREFIX_HEADER = "ModelView/ModelView-Prefix.pch";
				GCC_PREPROCESSOR_DEFINITIONS = (
					"DEBUG=1",
					"$(inherited)",
				);
				INFOPLIST_FILE = "ModelViewTests/ModelViewTests-Info.plist";
				PRODUCT_NAME = "$(TARGET_NAME)";
				TEST_HOST = "$(BUNDLE_LOADER)";
				WRAPPER_EXTENSION = xctest;
			};
			name = Debug;
		};
		E3FFF62A19B1F66D00B39C0D /* Release */ = {
			isa = XCBuildConfiguration;
			buildSettings = {
				BUNDLE_LOADER = "$(BUILT_PRODUCTS_DIR)/ModelView.app/ModelView";
				FRAMEWORK_SEARCH_PATHS = (
					"$(SDKROOT)/Developer/Library/Frameworks",
					"$(inherited)",
					"$(DEVELOPER_FRAMEWORKS_DIR)",
				);
				GCC_PRECOMPILE_PREFIX_HEADER = YES;
				GCC_PREFIX_HEADER = "ModelView/ModelView-Prefix.pch";
				INFOPLIST_FILE = "ModelViewTests/ModelViewTests-Info.plist";
				PRODUCT_NAME = "$(TARGET_NAME)";
				TEST_HOST = "$(BUNDLE_LOADER)";
				WRAPPER_EXTENSION = xctest;
			};
			name = Release;
		};
/* End XCBuildConfiguration section */

/* Begin XCConfigurationList section */
		E3FFF5EE19B1F66C00B39C0D /* Build configuration list for PBXProject "ModelView" */ = {
			isa = XCConfigurationList;
			buildConfigurations = (
				E3FFF62319B1F66C00B39C0D /* Debug */,
				E3FFF62419B1F66C00B39C0D /* Release */,
			);
			defaultConfigurationIsVisible = 0;
			defaultConfigurationName = Release;
		};
		E3FFF62519B1F66D00B39C0D /* Build configuration list for PBXNativeTarget "ModelView" */ = {
			isa = XCConfigurationList;
			buildConfigurations = (
				E3FFF62619B1F66D00B39C0D /* Debug */,
				E3FFF62719B1F66D00B39C0D /* Release */,
			);
			defaultConfigurationIsVisible = 0;
			defaultConfigurationName = Release;
		};
		E3FFF62819B1F66D00B39C0D /* Build configuration list for PBXNativeTarget "ModelViewTests" */ = {
			isa = XCConfigurationList;
			buildConfigurations = (
				E3FFF62919B1F66D00B39C0D /* Debug */,
				E3FFF62A19B1F66D00B39C0D /* Release */,
			);
			defaultConfigurationIsVisible = 0;
			defaultConfigurationName = Release;
		};
/* End XCConfigurationList section */
	};
	rootObject = E3FFF5EB19B1F66C00B39C0D /* Project object */;
}
