// !$*UTF8*$!
{
	archiveVersion = 1;
	classes = {
	};
	objectVersion = 46;
	objects = {

/* Begin PBXBuildFile section */
		00968CAB1871AC6300AB63F1 /* UIKit.framework in Frameworks */ = {isa = PBXBuildFile; fileRef = 00968CAA1871AC6300AB63F1 /* UIKit.framework */; };
		00968CAD1871AC6300AB63F1 /* Foundation.framework in Frameworks */ = {isa = PBXBuildFile; fileRef = 00968CAC1871AC6300AB63F1 /* Foundation.framework */; };
		00968CAF1871AC6300AB63F1 /* CoreGraphics.framework in Frameworks */ = {isa = PBXBuildFile; fileRef = 00968CAE1871AC6300AB63F1 /* CoreGraphics.framework */; };
		00968CB51871AC6300AB63F1 /* InfoPlist.strings in Resources */ = {isa = PBXBuildFile; fileRef = 00968CB31871AC6300AB63F1 /* InfoPlist.strings */; };
		00968CB71871AC6300AB63F1 /* main.m in Sources */ = {isa = PBXBuildFile; fileRef = 00968CB61871AC6300AB63F1 /* main.m */; };
		00968CBB1871AC6300AB63F1 /* AppDelegate.m in Sources */ = {isa = PBXBuildFile; fileRef = 00968CBA1871AC6300AB63F1 /* AppDelegate.m */; };
		00968CBE1871AC6300AB63F1 /* ViewController.m in Sources */ = {isa = PBXBuildFile; fileRef = 00968CBD1871AC6300AB63F1 /* ViewController.m */; };
		00968CC11871AC6300AB63F1 /* ViewController.xib in Resources */ = {isa = PBXBuildFile; fileRef = 00968CBF1871AC6300AB63F1 /* ViewController.xib */; };
		00968CC91871AC7A00AB63F1 /* SecondViewController.m in Sources */ = {isa = PBXBuildFile; fileRef = 00968CC81871AC7A00AB63F1 /* SecondViewController.m */; };
/* End PBXBuildFile section */

/* Begin PBXFileReference section */
		00968CA61871AC6300AB63F1 /* BlocksDemo.app */ = {isa = PBXFileReference; explicitFileType = wrapper.application; includeInIndex = 0; path = BlocksDemo.app; sourceTree = BUILT_PRODUCTS_DIR; };
		00968CAA1871AC6300AB63F1 /* UIKit.framework */ = {isa = PBXFileReference; lastKnownFileType = wrapper.framework; name = UIKit.framework; path = System/Library/Frameworks/UIKit.framework; sourceTree = SDKROOT; };
		00968CAC1871AC6300AB63F1 /* Foundation.framework */ = {isa = PBXFileReference; lastKnownFileType = wrapper.framework; name = Foundation.framework; path = System/Library/Frameworks/Foundation.framework; sourceTree = SDKROOT; };
		00968CAE1871AC6300AB63F1 /* CoreGraphics.framework */ = {isa = PBXFileReference; lastKnownFileType = wrapper.framework; name = CoreGraphics.framework; path = System/Library/Frameworks/CoreGraphics.framework; sourceTree = SDKROOT; };
		00968CB21871AC6300AB63F1 /* BlocksDemo-Info.plist */ = {isa = PBXFileReference; lastKnownFileType = text.plist.xml; path = "BlocksDemo-Info.plist"; sourceTree = "<group>"; };
		00968CB41871AC6300AB63F1 /* en */ = {isa = PBXFileReference; lastKnownFileType = text.plist.strings; name = en; path = en.lproj/InfoPlist.strings; sourceTree = "<group>"; };
		00968CB61871AC6300AB63F1 /* main.m */ = {isa = PBXFileReference; lastKnownFileType = sourcecode.c.objc; path = main.m; sourceTree = "<group>"; };
		00968CB81871AC6300AB63F1 /* BlocksDemo-Prefix.pch */ = {isa = PBXFileReference; lastKnownFileType = sourcecode.c.h; path = "BlocksDemo-Prefix.pch"; sourceTree = "<group>"; };
		00968CB91871AC6300AB63F1 /* AppDelegate.h */ = {isa = PBXFileReference; lastKnownFileType = sourcecode.c.h; path = AppDelegate.h; sourceTree = "<group>"; };
		00968CBA1871AC6300AB63F1 /* AppDelegate.m */ = {isa = PBXFileReference; lastKnownFileType = sourcecode.c.objc; path = AppDelegate.m; sourceTree = "<group>"; };
		00968CBC1871AC6300AB63F1 /* ViewController.h */ = {isa = PBXFileReference; lastKnownFileType = sourcecode.c.h; path = ViewController.h; sourceTree = "<group>"; };
		00968CBD1871AC6300AB63F1 /* ViewController.m */ = {isa = PBXFileReference; lastKnownFileType = sourcecode.c.objc; path = ViewController.m; sourceTree = "<group>"; };
		00968CC01871AC6300AB63F1 /* en */ = {isa = PBXFileReference; lastKnownFileType = file.xib; name = en; path = en.lproj/ViewController.xib; sourceTree = "<group>"; };
		00968CC71871AC7A00AB63F1 /* SecondViewController.h */ = {isa = PBXFileReference; fileEncoding = 4; lastKnownFileType = sourcecode.c.h; path = SecondViewController.h; sourceTree = "<group>"; };
		00968CC81871AC7A00AB63F1 /* SecondViewController.m */ = {isa = PBXFileReference; fileEncoding = 4; lastKnownFileType = sourcecode.c.objc; path = SecondViewController.m; sourceTree = "<group>"; };
/* End PBXFileReference section */

/* Begin PBXFrameworksBuildPhase section */
		00968CA31871AC6300AB63F1 /* Frameworks */ = {
			isa = PBXFrameworksBuildPhase;
			buildActionMask = 2147483647;
			files = (
				00968CAB1871AC6300AB63F1 /* UIKit.framework in Frameworks */,
				00968CAD1871AC6300AB63F1 /* Foundation.framework in Frameworks */,
				00968CAF1871AC6300AB63F1 /* CoreGraphics.framework in Frameworks */,
			);
			runOnlyForDeploymentPostprocessing = 0;
		};
/* End PBXFrameworksBuildPhase section */

/* Begin PBXGroup section */
		00968C9B1871AC6200AB63F1 = {
			isa = PBXGroup;
			children = (
				00968CB01871AC6300AB63F1 /* BlocksDemo */,
				00968CA91871AC6300AB63F1 /* Frameworks */,
				00968CA71871AC6300AB63F1 /* Products */,
			);
			sourceTree = "<group>";
		};
		00968CA71871AC6300AB63F1 /* Products */ = {
			isa = PBXGroup;
			children = (
				00968CA61871AC6300AB63F1 /* BlocksDemo.app */,
			);
			name = Products;
			sourceTree = "<group>";
		};
		00968CA91871AC6300AB63F1 /* Frameworks */ = {
			isa = PBXGroup;
			children = (
				00968CAA1871AC6300AB63F1 /* UIKit.framework */,
				00968CAC1871AC6300AB63F1 /* Foundation.framework */,
				00968CAE1871AC6300AB63F1 /* CoreGraphics.framework */,
			);
			name = Frameworks;
			sourceTree = "<group>";
		};
		00968CB01871AC6300AB63F1 /* BlocksDemo */ = {
			isa = PBXGroup;
			children = (
				00968CB91871AC6300AB63F1 /* AppDelegate.h */,
				00968CBA1871AC6300AB63F1 /* AppDelegate.m */,
				00968CBC1871AC6300AB63F1 /* ViewController.h */,
				00968CBD1871AC6300AB63F1 /* ViewController.m */,
				00968CBF1871AC6300AB63F1 /* ViewController.xib */,
				00968CB11871AC6300AB63F1 /* Supporting Files */,
				00968CC71871AC7A00AB63F1 /* SecondViewController.h */,
				00968CC81871AC7A00AB63F1 /* SecondViewController.m */,
			);
			path = BlocksDemo;
			sourceTree = "<group>";
		};
		00968CB11871AC6300AB63F1 /* Supporting Files */ = {
			isa = PBXGroup;
			children = (
				00968CB21871AC6300AB63F1 /* BlocksDemo-Info.plist */,
				00968CB31871AC6300AB63F1 /* InfoPlist.strings */,
				00968CB61871AC6300AB63F1 /* main.m */,
				00968CB81871AC6300AB63F1 /* BlocksDemo-Prefix.pch */,
			);
			name = "Supporting Files";
			sourceTree = "<group>";
		};
/* End PBXGroup section */

/* Begin PBXNativeTarget section */
		00968CA51871AC6300AB63F1 /* BlocksDemo */ = {
			isa = PBXNativeTarget;
			buildConfigurationList = 00968CC41871AC6300AB63F1 /* Build configuration list for PBXNativeTarget "BlocksDemo" */;
			buildPhases = (
				00968CA21871AC6300AB63F1 /* Sources */,
				00968CA31871AC6300AB63F1 /* Frameworks */,
				00968CA41871AC6300AB63F1 /* Resources */,
			);
			buildRules = (
			);
			dependencies = (
			);
			name = BlocksDemo;
			productName = BlocksDemo;
			productReference = 00968CA61871AC6300AB63F1 /* BlocksDemo.app */;
			productType = "com.apple.product-type.application";
		};
/* End PBXNativeTarget section */

/* Begin PBXProject section */
		00968C9D1871AC6200AB63F1 /* Project object */ = {
			isa = PBXProject;
			attributes = {
				LastUpgradeCheck = 0420;
				ORGANIZATIONNAME = WANAWT;
			};
			buildConfigurationList = 00968CA01871AC6200AB63F1 /* Build configuration list for PBXProject "BlocksDemo" */;
			compatibilityVersion = "Xcode 3.2";
			developmentRegion = English;
			hasScannedForEncodings = 0;
			knownRegions = (
				en,
			);
			mainGroup = 00968C9B1871AC6200AB63F1;
			productRefGroup = 00968CA71871AC6300AB63F1 /* Products */;
			projectDirPath = "";
			projectRoot = "";
			targets = (
				00968CA51871AC6300AB63F1 /* BlocksDemo */,
			);
		};
/* End PBXProject section */

/* Begin PBXResourcesBuildPhase section */
		00968CA41871AC6300AB63F1 /* Resources */ = {
			isa = PBXResourcesBuildPhase;
			buildActionMask = 2147483647;
			files = (
				00968CB51871AC6300AB63F1 /* InfoPlist.strings in Resources */,
				00968CC11871AC6300AB63F1 /* ViewController.xib in Resources */,
			);
			runOnlyForDeploymentPostprocessing = 0;
		};
/* End PBXResourcesBuildPhase section */

/* Begin PBXSourcesBuildPhase section */
		00968CA21871AC6300AB63F1 /* Sources */ = {
			isa = PBXSourcesBuildPhase;
			buildActionMask = 2147483647;
			files = (
				00968CB71871AC6300AB63F1 /* main.m in Sources */,
				00968CBB1871AC6300AB63F1 /* AppDelegate.m in Sources */,
				00968CBE1871AC6300AB63F1 /* ViewController.m in Sources */,
				00968CC91871AC7A00AB63F1 /* SecondViewController.m in Sources */,
			);
			runOnlyForDeploymentPostprocessing = 0;
		};
/* End PBXSourcesBuildPhase section */

/* Begin PBXVariantGroup section */
		00968CB31871AC6300AB63F1 /* InfoPlist.strings */ = {
			isa = PBXVariantGroup;
			children = (
				00968CB41871AC6300AB63F1 /* en */,
			);
			name = InfoPlist.strings;
			sourceTree = "<group>";
		};
		00968CBF1871AC6300AB63F1 /* ViewController.xib */ = {
			isa = PBXVariantGroup;
			children = (
				00968CC01871AC6300AB63F1 /* en */,
			);
			name = ViewController.xib;
			sourceTree = "<group>";
		};
/* End PBXVariantGroup section */

/* Begin XCBuildConfiguration section */
		00968CC21871AC6300AB63F1 /* Debug */ = {
			isa = XCBuildConfiguration;
			buildSettings = {
				ALWAYS_SEARCH_USER_PATHS = NO;
				ARCHS = "$(ARCHS_STANDARD_32_BIT)";
				"CODE_SIGN_IDENTITY[sdk=iphoneos*]" = "iPhone Developer";
				COPY_PHASE_STRIP = NO;
				GCC_C_LANGUAGE_STANDARD = gnu99;
				GCC_DYNAMIC_NO_PIC = NO;
				GCC_OPTIMIZATION_LEVEL = 0;
				GCC_PREPROCESSOR_DEFINITIONS = (
					"DEBUG=1",
					"$(inherited)",
				);
				GCC_SYMBOLS_PRIVATE_EXTERN = NO;
				GCC_VERSION = com.apple.compilers.llvm.clang.1_0;
				GCC_WARN_ABOUT_MISSING_PROTOTYPES = YES;
				GCC_WARN_ABOUT_RETURN_TYPE = YES;
				GCC_WARN_UNUSED_VARIABLE = YES;
				IPHONEOS_DEPLOYMENT_TARGET = 5.0;
				SDKROOT = iphoneos;
			};
			name = Debug;
		};
		00968CC31871AC6300AB63F1 /* Release */ = {
			isa = XCBuildConfiguration;
			buildSettings = {
				ALWAYS_SEARCH_USER_PATHS = NO;
				ARCHS = "$(ARCHS_STANDARD_32_BIT)";
				"CODE_SIGN_IDENTITY[sdk=iphoneos*]" = "iPhone Developer";
				COPY_PHASE_STRIP = YES;
				GCC_C_LANGUAGE_STANDARD = gnu99;
				GCC_VERSION = com.apple.compilers.llvm.clang.1_0;
				GCC_WARN_ABOUT_MISSING_PROTOTYPES = YES;
				GCC_WARN_ABOUT_RETURN_TYPE = YES;
				GCC_WARN_UNUSED_VARIABLE = YES;
				IPHONEOS_DEPLOYMENT_TARGET = 5.0;
				OTHER_CFLAGS = "-DNS_BLOCK_ASSERTIONS=1";
				SDKROOT = iphoneos;
				VALIDATE_PRODUCT = YES;
			};
			name = Release;
		};
		00968CC51871AC6300AB63F1 /* Debug */ = {
			isa = XCBuildConfiguration;
			buildSettings = {
				ENABLE_BITCODE = NO;
				GCC_PRECOMPILE_PREFIX_HEADER = YES;
				GCC_PREFIX_HEADER = "BlocksDemo/BlocksDemo-Prefix.pch";
				INFOPLIST_FILE = "BlocksDemo/BlocksDemo-Info.plist";
				PRODUCT_NAME = "$(TARGET_NAME)";
				WRAPPER_EXTENSION = app;
			};
			name = Debug;
		};
		00968CC61871AC6300AB63F1 /* Release */ = {
			isa = XCBuildConfiguration;
			buildSettings = {
				ENABLE_BITCODE = NO;
				GCC_PRECOMPILE_PREFIX_HEADER = YES;
				GCC_PREFIX_HEADER = "BlocksDemo/BlocksDemo-Prefix.pch";
				INFOPLIST_FILE = "BlocksDemo/BlocksDemo-Info.plist";
				PRODUCT_NAME = "$(TARGET_NAME)";
				WRAPPER_EXTENSION = app;
			};
			name = Release;
		};
/* End XCBuildConfiguration section */

/* Begin XCConfigurationList section */
		00968CA01871AC6200AB63F1 /* Build configuration list for PBXProject "BlocksDemo" */ = {
			isa = XCConfigurationList;
			buildConfigurations = (
				00968CC21871AC6300AB63F1 /* Debug */,
				00968CC31871AC6300AB63F1 /* Release */,
			);
			defaultConfigurationIsVisible = 0;
			defaultConfigurationName = Release;
		};
		00968CC41871AC6300AB63F1 /* Build configuration list for PBXNativeTarget "BlocksDemo" */ = {
			isa = XCConfigurationList;
			buildConfigurations = (
				00968CC51871AC6300AB63F1 /* Debug */,
				00968CC61871AC6300AB63F1 /* Release */,
			);
			defaultConfigurationIsVisible = 0;
			defaultConfigurationName = Release;
		};
/* End XCConfigurationList section */
	};
	rootObject = 00968C9D1871AC6200AB63F1 /* Project object */;
}
