// !$*UTF8*$!
{
	archiveVersion = 1;
	classes = {
	};
	objectVersion = 46;
	objects = {

/* Begin PBXBuildFile section */
		EB157BD61C95BE9C0039CBA9 /* main.m in Sources */ = {isa = PBXBuildFile; fileRef = EB157BD51C95BE9C0039CBA9 /* main.m */; };
		EB157BD91C95BE9C0039CBA9 /* AppDelegate.m in Sources */ = {isa = PBXBuildFile; fileRef = EB157BD81C95BE9C0039CBA9 /* AppDelegate.m */; };
		EB157BDC1C95BE9C0039CBA9 /* ViewController.m in Sources */ = {isa = PBXBuildFile; fileRef = EB157BDB1C95BE9C0039CBA9 /* ViewController.m */; };
		EB157BE11C95BE9C0039CBA9 /* Assets.xcassets in Resources */ = {isa = PBXBuildFile; fileRef = EB157BE01C95BE9C0039CBA9 /* Assets.xcassets */; };
		EB157BE41C95BE9C0039CBA9 /* LaunchScreen.storyboard in Resources */ = {isa = PBXBuildFile; fileRef = EB157BE21C95BE9C0039CBA9 /* LaunchScreen.storyboard */; };
		EB157BED1C95C1B50039CBA9 /* OneVC.m in Sources */ = {isa = PBXBuildFile; fileRef = EB157BEC1C95C1B50039CBA9 /* OneVC.m */; };
		EB157BF01C95C1C00039CBA9 /* TwoVC.m in Sources */ = {isa = PBXBuildFile; fileRef = EB157BEF1C95C1C00039CBA9 /* TwoVC.m */; };
		EB157BF21C95C5FC0039CBA9 /* Main.storyboard in Resources */ = {isa = PBXBuildFile; fileRef = EB157BF11C95C5FC0039CBA9 /* Main.storyboard */; };
		EB5353661C95C9D700F0C70A /* ThreeVC.m in Sources */ = {isa = PBXBuildFile; fileRef = EB5353651C95C9D700F0C70A /* ThreeVC.m */; };
		EB7D93A41C9820DA007CA0FB /* Two.storyboard in Resources */ = {isa = PBXBuildFile; fileRef = EB7D93A31C9820DA007CA0FB /* Two.storyboard */; };
		EB7D93A81C98216A007CA0FB /* SBTMainVC.m in Sources */ = {isa = PBXBuildFile; fileRef = EB7D93A71C98216A007CA0FB /* SBTMainVC.m */; };
		EB7D93AB1C982357007CA0FB /* FiveVC.m in Sources */ = {isa = PBXBuildFile; fileRef = EB7D93AA1C982357007CA0FB /* FiveVC.m */; };
/* End PBXBuildFile section */

/* Begin PBXFileReference section */
		EB157BD11C95BE9C0039CBA9 /* storyBoardTraditionalValues(传值).app */ = {isa = PBXFileReference; explicitFileType = wrapper.application; includeInIndex = 0; path = "storyBoardTraditionalValues(传值).app"; sourceTree = BUILT_PRODUCTS_DIR; };
		EB157BD51C95BE9C0039CBA9 /* main.m */ = {isa = PBXFileReference; lastKnownFileType = sourcecode.c.objc; path = main.m; sourceTree = "<group>"; };
		EB157BD71C95BE9C0039CBA9 /* AppDelegate.h */ = {isa = PBXFileReference; lastKnownFileType = sourcecode.c.h; path = AppDelegate.h; sourceTree = "<group>"; };
		EB157BD81C95BE9C0039CBA9 /* AppDelegate.m */ = {isa = PBXFileReference; lastKnownFileType = sourcecode.c.objc; path = AppDelegate.m; sourceTree = "<group>"; };
		EB157BDA1C95BE9C0039CBA9 /* ViewController.h */ = {isa = PBXFileReference; lastKnownFileType = sourcecode.c.h; path = ViewController.h; sourceTree = "<group>"; };
		EB157BDB1C95BE9C0039CBA9 /* ViewController.m */ = {isa = PBXFileReference; lastKnownFileType = sourcecode.c.objc; path = ViewController.m; sourceTree = "<group>"; };
		EB157BE01C95BE9C0039CBA9 /* Assets.xcassets */ = {isa = PBXFileReference; lastKnownFileType = folder.assetcatalog; path = Assets.xcassets; sourceTree = "<group>"; };
		EB157BE31C95BE9C0039CBA9 /* Base */ = {isa = PBXFileReference; lastKnownFileType = file.storyboard; name = Base; path = Base.lproj/LaunchScreen.storyboard; sourceTree = "<group>"; };
		EB157BE51C95BE9C0039CBA9 /* Info.plist */ = {isa = PBXFileReference; lastKnownFileType = text.plist.xml; path = Info.plist; sourceTree = "<group>"; };
		EB157BEB1C95C1B50039CBA9 /* OneVC.h */ = {isa = PBXFileReference; fileEncoding = 4; lastKnownFileType = sourcecode.c.h; path = OneVC.h; sourceTree = "<group>"; };
		EB157BEC1C95C1B50039CBA9 /* OneVC.m */ = {isa = PBXFileReference; fileEncoding = 4; lastKnownFileType = sourcecode.c.objc; path = OneVC.m; sourceTree = "<group>"; };
		EB157BEE1C95C1C00039CBA9 /* TwoVC.h */ = {isa = PBXFileReference; fileEncoding = 4; lastKnownFileType = sourcecode.c.h; path = TwoVC.h; sourceTree = "<group>"; };
		EB157BEF1C95C1C00039CBA9 /* TwoVC.m */ = {isa = PBXFileReference; fileEncoding = 4; lastKnownFileType = sourcecode.c.objc; path = TwoVC.m; sourceTree = "<group>"; };
		EB157BF11C95C5FC0039CBA9 /* Main.storyboard */ = {isa = PBXFileReference; fileEncoding = 4; lastKnownFileType = file.storyboard; path = Main.storyboard; sourceTree = "<group>"; };
		EB5353641C95C9D700F0C70A /* ThreeVC.h */ = {isa = PBXFileReference; fileEncoding = 4; lastKnownFileType = sourcecode.c.h; path = ThreeVC.h; sourceTree = "<group>"; };
		EB5353651C95C9D700F0C70A /* ThreeVC.m */ = {isa = PBXFileReference; fileEncoding = 4; lastKnownFileType = sourcecode.c.objc; path = ThreeVC.m; sourceTree = "<group>"; };
		EB7D93A31C9820DA007CA0FB /* Two.storyboard */ = {isa = PBXFileReference; fileEncoding = 4; lastKnownFileType = file.storyboard; name = Two.storyboard; path = ../Two.storyboard; sourceTree = "<group>"; };
		EB7D93A61C98216A007CA0FB /* SBTMainVC.h */ = {isa = PBXFileReference; fileEncoding = 4; lastKnownFileType = sourcecode.c.h; path = SBTMainVC.h; sourceTree = "<group>"; };
		EB7D93A71C98216A007CA0FB /* SBTMainVC.m */ = {isa = PBXFileReference; fileEncoding = 4; lastKnownFileType = sourcecode.c.objc; path = SBTMainVC.m; sourceTree = "<group>"; };
		EB7D93A91C982357007CA0FB /* FiveVC.h */ = {isa = PBXFileReference; fileEncoding = 4; lastKnownFileType = sourcecode.c.h; path = FiveVC.h; sourceTree = "<group>"; };
		EB7D93AA1C982357007CA0FB /* FiveVC.m */ = {isa = PBXFileReference; fileEncoding = 4; lastKnownFileType = sourcecode.c.objc; path = FiveVC.m; sourceTree = "<group>"; };
/* End PBXFileReference section */

/* Begin PBXFrameworksBuildPhase section */
		EB157BCE1C95BE9C0039CBA9 /* Frameworks */ = {
			isa = PBXFrameworksBuildPhase;
			buildActionMask = 2147483647;
			files = (
			);
			runOnlyForDeploymentPostprocessing = 0;
		};
/* End PBXFrameworksBuildPhase section */

/* Begin PBXGroup section */
		EB157BC81C95BE9C0039CBA9 = {
			isa = PBXGroup;
			children = (
				EB157BD31C95BE9C0039CBA9 /* storyBoardTraditionalValues(传值) */,
				EB157BD21C95BE9C0039CBA9 /* Products */,
			);
			sourceTree = "<group>";
		};
		EB157BD21C95BE9C0039CBA9 /* Products */ = {
			isa = PBXGroup;
			children = (
				EB157BD11C95BE9C0039CBA9 /* storyBoardTraditionalValues(传值).app */,
			);
			name = Products;
			sourceTree = "<group>";
		};
		EB157BD31C95BE9C0039CBA9 /* storyBoardTraditionalValues(传值) */ = {
			isa = PBXGroup;
			children = (
				EB157BD71C95BE9C0039CBA9 /* AppDelegate.h */,
				EB157BD81C95BE9C0039CBA9 /* AppDelegate.m */,
				EB157BDA1C95BE9C0039CBA9 /* ViewController.h */,
				EB157BDB1C95BE9C0039CBA9 /* ViewController.m */,
				EB157BF11C95C5FC0039CBA9 /* Main.storyboard */,
				EB157BEB1C95C1B50039CBA9 /* OneVC.h */,
				EB157BEC1C95C1B50039CBA9 /* OneVC.m */,
				EB157BEE1C95C1C00039CBA9 /* TwoVC.h */,
				EB157BEF1C95C1C00039CBA9 /* TwoVC.m */,
				EB5353641C95C9D700F0C70A /* ThreeVC.h */,
				EB5353651C95C9D700F0C70A /* ThreeVC.m */,
				EB7D93A91C982357007CA0FB /* FiveVC.h */,
				EB7D93AA1C982357007CA0FB /* FiveVC.m */,
				EB7D93A51C982141007CA0FB /* StoryBoardTwo */,
				EB157BE01C95BE9C0039CBA9 /* Assets.xcassets */,
				EB157BE21C95BE9C0039CBA9 /* LaunchScreen.storyboard */,
				EB157BE51C95BE9C0039CBA9 /* Info.plist */,
				EB157BD41C95BE9C0039CBA9 /* Supporting Files */,
			);
			path = "storyBoardTraditionalValues(传值)";
			sourceTree = "<group>";
		};
		EB157BD41C95BE9C0039CBA9 /* Supporting Files */ = {
			isa = PBXGroup;
			children = (
				EB157BD51C95BE9C0039CBA9 /* main.m */,
			);
			name = "Supporting Files";
			sourceTree = "<group>";
		};
		EB7D93A51C982141007CA0FB /* StoryBoardTwo */ = {
			isa = PBXGroup;
			children = (
				EB7D93A61C98216A007CA0FB /* SBTMainVC.h */,
				EB7D93A71C98216A007CA0FB /* SBTMainVC.m */,
				EB7D93A31C9820DA007CA0FB /* Two.storyboard */,
			);
			path = StoryBoardTwo;
			sourceTree = "<group>";
		};
/* End PBXGroup section */

/* Begin PBXNativeTarget section */
		EB157BD01C95BE9C0039CBA9 /* storyBoardTraditionalValues(传值) */ = {
			isa = PBXNativeTarget;
			buildConfigurationList = EB157BE81C95BE9C0039CBA9 /* Build configuration list for PBXNativeTarget "storyBoardTraditionalValues(传值)" */;
			buildPhases = (
				EB157BCD1C95BE9C0039CBA9 /* Sources */,
				EB157BCE1C95BE9C0039CBA9 /* Frameworks */,
				EB157BCF1C95BE9C0039CBA9 /* Resources */,
			);
			buildRules = (
			);
			dependencies = (
			);
			name = "storyBoardTraditionalValues(传值)";
			productName = "storyBoardTraditionalValues(传值)";
			productReference = EB157BD11C95BE9C0039CBA9 /* storyBoardTraditionalValues(传值).app */;
			productType = "com.apple.product-type.application";
		};
/* End PBXNativeTarget section */

/* Begin PBXProject section */
		EB157BC91C95BE9C0039CBA9 /* Project object */ = {
			isa = PBXProject;
			attributes = {
				LastUpgradeCheck = 0710;
				ORGANIZATIONNAME = com.hyh;
				TargetAttributes = {
					EB157BD01C95BE9C0039CBA9 = {
						CreatedOnToolsVersion = 7.1.1;
					};
				};
			};
			buildConfigurationList = EB157BCC1C95BE9C0039CBA9 /* Build configuration list for PBXProject "storyBoardTraditionalValues(传值)" */;
			compatibilityVersion = "Xcode 3.2";
			developmentRegion = English;
			hasScannedForEncodings = 0;
			knownRegions = (
				en,
				Base,
			);
			mainGroup = EB157BC81C95BE9C0039CBA9;
			productRefGroup = EB157BD21C95BE9C0039CBA9 /* Products */;
			projectDirPath = "";
			projectRoot = "";
			targets = (
				EB157BD01C95BE9C0039CBA9 /* storyBoardTraditionalValues(传值) */,
			);
		};
/* End PBXProject section */

/* Begin PBXResourcesBuildPhase section */
		EB157BCF1C95BE9C0039CBA9 /* Resources */ = {
			isa = PBXResourcesBuildPhase;
			buildActionMask = 2147483647;
			files = (
				EB157BE41C95BE9C0039CBA9 /* LaunchScreen.storyboard in Resources */,
				EB157BF21C95C5FC0039CBA9 /* Main.storyboard in Resources */,
				EB157BE11C95BE9C0039CBA9 /* Assets.xcassets in Resources */,
				EB7D93A41C9820DA007CA0FB /* Two.storyboard in Resources */,
			);
			runOnlyForDeploymentPostprocessing = 0;
		};
/* End PBXResourcesBuildPhase section */

/* Begin PBXSourcesBuildPhase section */
		EB157BCD1C95BE9C0039CBA9 /* Sources */ = {
			isa = PBXSourcesBuildPhase;
			buildActionMask = 2147483647;
			files = (
				EB157BDC1C95BE9C0039CBA9 /* ViewController.m in Sources */,
				EB157BED1C95C1B50039CBA9 /* OneVC.m in Sources */,
				EB157BD91C95BE9C0039CBA9 /* AppDelegate.m in Sources */,
				EB7D93A81C98216A007CA0FB /* SBTMainVC.m in Sources */,
				EB5353661C95C9D700F0C70A /* ThreeVC.m in Sources */,
				EB157BF01C95C1C00039CBA9 /* TwoVC.m in Sources */,
				EB7D93AB1C982357007CA0FB /* FiveVC.m in Sources */,
				EB157BD61C95BE9C0039CBA9 /* main.m in Sources */,
			);
			runOnlyForDeploymentPostprocessing = 0;
		};
/* End PBXSourcesBuildPhase section */

/* Begin PBXVariantGroup section */
		EB157BE21C95BE9C0039CBA9 /* LaunchScreen.storyboard */ = {
			isa = PBXVariantGroup;
			children = (
				EB157BE31C95BE9C0039CBA9 /* Base */,
			);
			name = LaunchScreen.storyboard;
			sourceTree = "<group>";
		};
/* End PBXVariantGroup section */

/* Begin XCBuildConfiguration section */
		EB157BE61C95BE9C0039CBA9 /* Debug */ = {
			isa = XCBuildConfiguration;
			buildSettings = {
				ALWAYS_SEARCH_USER_PATHS = NO;
				CLANG_CXX_LANGUAGE_STANDARD = "gnu++0x";
				CLANG_CXX_LIBRARY = "libc++";
				CLANG_ENABLE_MODULES = YES;
				CLANG_ENABLE_OBJC_ARC = YES;
				CLANG_WARN_BOOL_CONVERSION = YES;
				CLANG_WARN_CONSTANT_CONVERSION = YES;
				CLANG_WARN_DIRECT_OBJC_ISA_USAGE = YES_ERROR;
				CLANG_WARN_EMPTY_BODY = YES;
				CLANG_WARN_ENUM_CONVERSION = YES;
				CLANG_WARN_INT_CONVERSION = YES;
				CLANG_WARN_OBJC_ROOT_CLASS = YES_ERROR;
				CLANG_WARN_UNREACHABLE_CODE = YES;
				CLANG_WARN__DUPLICATE_METHOD_MATCH = YES;
				"CODE_SIGN_IDENTITY[sdk=iphoneos*]" = "iPhone Developer";
				COPY_PHASE_STRIP = NO;
				DEBUG_INFORMATION_FORMAT = dwarf;
				ENABLE_STRICT_OBJC_MSGSEND = YES;
				ENABLE_TESTABILITY = YES;
				GCC_C_LANGUAGE_STANDARD = gnu99;
				GCC_DYNAMIC_NO_PIC = NO;
				GCC_NO_COMMON_BLOCKS = YES;
				GCC_OPTIMIZATION_LEVEL = 0;
				GCC_PREPROCESSOR_DEFINITIONS = (
					"DEBUG=1",
					"$(inherited)",
				);
				GCC_WARN_64_TO_32_BIT_CONVERSION = YES;
				GCC_WARN_ABOUT_RETURN_TYPE = YES_ERROR;
				GCC_WARN_UNDECLARED_SELECTOR = YES;
				GCC_WARN_UNINITIALIZED_AUTOS = YES_AGGRESSIVE;
				GCC_WARN_UNUSED_FUNCTION = YES;
				GCC_WARN_UNUSED_VARIABLE = YES;
				IPHONEOS_DEPLOYMENT_TARGET = 9.1;
				MTL_ENABLE_DEBUG_INFO = YES;
				ONLY_ACTIVE_ARCH = YES;
				SDKROOT = iphoneos;
			};
			name = Debug;
		};
		EB157BE71C95BE9C0039CBA9 /* Release */ = {
			isa = XCBuildConfiguration;
			buildSettings = {
				ALWAYS_SEARCH_USER_PATHS = NO;
				CLANG_CXX_LANGUAGE_STANDARD = "gnu++0x";
				CLANG_CXX_LIBRARY = "libc++";
				CLANG_ENABLE_MODULES = YES;
				CLANG_ENABLE_OBJC_ARC = YES;
				CLANG_WARN_BOOL_CONVERSION = YES;
				CLANG_WARN_CONSTANT_CONVERSION = YES;
				CLANG_WARN_DIRECT_OBJC_ISA_USAGE = YES_ERROR;
				CLANG_WARN_EMPTY_BODY = YES;
				CLANG_WARN_ENUM_CONVERSION = YES;
				CLANG_WARN_INT_CONVERSION = YES;
				CLANG_WARN_OBJC_ROOT_CLASS = YES_ERROR;
				CLANG_WARN_UNREACHABLE_CODE = YES;
				CLANG_WARN__DUPLICATE_METHOD_MATCH = YES;
				"CODE_SIGN_IDENTITY[sdk=iphoneos*]" = "iPhone Developer";
				COPY_PHASE_STRIP = NO;
				DEBUG_INFORMATION_FORMAT = "dwarf-with-dsym";
				ENABLE_NS_ASSERTIONS = NO;
				ENABLE_STRICT_OBJC_MSGSEND = YES;
				GCC_C_LANGUAGE_STANDARD = gnu99;
				GCC_NO_COMMON_BLOCKS = YES;
				GCC_WARN_64_TO_32_BIT_CONVERSION = YES;
				GCC_WARN_ABOUT_RETURN_TYPE = YES_ERROR;
				GCC_WARN_UNDECLARED_SELECTOR = YES;
				GCC_WARN_UNINITIALIZED_AUTOS = YES_AGGRESSIVE;
				GCC_WARN_UNUSED_FUNCTION = YES;
				GCC_WARN_UNUSED_VARIABLE = YES;
				IPHONEOS_DEPLOYMENT_TARGET = 9.1;
				MTL_ENABLE_DEBUG_INFO = NO;
				SDKROOT = iphoneos;
				VALIDATE_PRODUCT = YES;
			};
			name = Release;
		};
		EB157BE91C95BE9C0039CBA9 /* Debug */ = {
			isa = XCBuildConfiguration;
			buildSettings = {
				ASSETCATALOG_COMPILER_APPICON_NAME = AppIcon;
				INFOPLIST_FILE = "storyBoardTraditionalValues(传值)/Info.plist";
				LD_RUNPATH_SEARCH_PATHS = "$(inherited) @executable_path/Frameworks";
				PRODUCT_BUNDLE_IDENTIFIER = "hyh.storyBoardTraditionalValues----";
				PRODUCT_NAME = "$(TARGET_NAME)";
			};
			name = Debug;
		};
		EB157BEA1C95BE9C0039CBA9 /* Release */ = {
			isa = XCBuildConfiguration;
			buildSettings = {
				ASSETCATALOG_COMPILER_APPICON_NAME = AppIcon;
				INFOPLIST_FILE = "storyBoardTraditionalValues(传值)/Info.plist";
				LD_RUNPATH_SEARCH_PATHS = "$(inherited) @executable_path/Frameworks";
				PRODUCT_BUNDLE_IDENTIFIER = "hyh.storyBoardTraditionalValues----";
				PRODUCT_NAME = "$(TARGET_NAME)";
			};
			name = Release;
		};
/* End XCBuildConfiguration section */

/* Begin XCConfigurationList section */
		EB157BCC1C95BE9C0039CBA9 /* Build configuration list for PBXProject "storyBoardTraditionalValues(传值)" */ = {
			isa = XCConfigurationList;
			buildConfigurations = (
				EB157BE61C95BE9C0039CBA9 /* Debug */,
				EB157BE71C95BE9C0039CBA9 /* Release */,
			);
			defaultConfigurationIsVisible = 0;
			defaultConfigurationName = Release;
		};
		EB157BE81C95BE9C0039CBA9 /* Build configuration list for PBXNativeTarget "storyBoardTraditionalValues(传值)" */ = {
			isa = XCConfigurationList;
			buildConfigurations = (
				EB157BE91C95BE9C0039CBA9 /* Debug */,
				EB157BEA1C95BE9C0039CBA9 /* Release */,
			);
			defaultConfigurationIsVisible = 0;
			defaultConfigurationName = Release;
		};
/* End XCConfigurationList section */
	};
	rootObject = EB157BC91C95BE9C0039CBA9 /* Project object */;
}
