// !$*UTF8*$!
{
	archiveVersion = 1;
	classes = {
	};
	objectVersion = 46;
	objects = {

/* Begin PBXBuildFile section */
		820F22461BDBC764001B0377 /* SQCollectionCell.xib in Resources */ = {isa = PBXBuildFile; fileRef = 820F22451BDBC764001B0377 /* SQCollectionCell.xib */; settings = {ASSET_TAGS = (); }; };
		821A93CB1BCE45270054C078 /* WYViewController.m in Sources */ = {isa = PBXBuildFile; fileRef = 821A93CA1BCE45260054C078 /* WYViewController.m */; settings = {ASSET_TAGS = (); }; };
		821A93D01BCE45CC0054C078 /* MyFooterView.m in Sources */ = {isa = PBXBuildFile; fileRef = 821A93CD1BCE45CC0054C078 /* MyFooterView.m */; settings = {ASSET_TAGS = (); }; };
		821A93D11BCE45CC0054C078 /* MyHeaderView.m in Sources */ = {isa = PBXBuildFile; fileRef = 821A93CF1BCE45CC0054C078 /* MyHeaderView.m */; settings = {ASSET_TAGS = (); }; };
		889CD15B19AD840C0099238F /* Foundation.framework in Frameworks */ = {isa = PBXBuildFile; fileRef = 889CD15A19AD840C0099238F /* Foundation.framework */; };
		889CD15D19AD840C0099238F /* CoreGraphics.framework in Frameworks */ = {isa = PBXBuildFile; fileRef = 889CD15C19AD840C0099238F /* CoreGraphics.framework */; };
		889CD15F19AD840C0099238F /* UIKit.framework in Frameworks */ = {isa = PBXBuildFile; fileRef = 889CD15E19AD840C0099238F /* UIKit.framework */; };
		889CD16519AD840C0099238F /* InfoPlist.strings in Resources */ = {isa = PBXBuildFile; fileRef = 889CD16319AD840C0099238F /* InfoPlist.strings */; };
		889CD16719AD840C0099238F /* main.m in Sources */ = {isa = PBXBuildFile; fileRef = 889CD16619AD840C0099238F /* main.m */; };
		889CD16B19AD840C0099238F /* WYAppDelegate.m in Sources */ = {isa = PBXBuildFile; fileRef = 889CD16A19AD840C0099238F /* WYAppDelegate.m */; };
		889CD17319AD840C0099238F /* Images.xcassets in Resources */ = {isa = PBXBuildFile; fileRef = 889CD17219AD840C0099238F /* Images.xcassets */; };
		889CD17A19AD840D0099238F /* XCTest.framework in Frameworks */ = {isa = PBXBuildFile; fileRef = 889CD17919AD840D0099238F /* XCTest.framework */; };
		889CD17B19AD840D0099238F /* Foundation.framework in Frameworks */ = {isa = PBXBuildFile; fileRef = 889CD15A19AD840C0099238F /* Foundation.framework */; };
		889CD17C19AD840D0099238F /* UIKit.framework in Frameworks */ = {isa = PBXBuildFile; fileRef = 889CD15E19AD840C0099238F /* UIKit.framework */; };
		889CD18419AD840D0099238F /* InfoPlist.strings in Resources */ = {isa = PBXBuildFile; fileRef = 889CD18219AD840D0099238F /* InfoPlist.strings */; };
		889CD18619AD840D0099238F /* CollectoinUseDemoTests.m in Sources */ = {isa = PBXBuildFile; fileRef = 889CD18519AD840D0099238F /* CollectoinUseDemoTests.m */; };
		889CD19019AD852C0099238F /* WYViewController.xib in Resources */ = {isa = PBXBuildFile; fileRef = 889CD18F19AD852C0099238F /* WYViewController.xib */; };
		889CD1B219AD85C50099238F /* 0.JPG in Resources */ = {isa = PBXBuildFile; fileRef = 889CD19219AD85C50099238F /* 0.JPG */; };
		889CD1B319AD85C50099238F /* 1.JPG in Resources */ = {isa = PBXBuildFile; fileRef = 889CD19319AD85C50099238F /* 1.JPG */; };
		889CD1B419AD85C50099238F /* 10.JPG in Resources */ = {isa = PBXBuildFile; fileRef = 889CD19419AD85C50099238F /* 10.JPG */; };
		889CD1B519AD85C50099238F /* 11.JPG in Resources */ = {isa = PBXBuildFile; fileRef = 889CD19519AD85C50099238F /* 11.JPG */; };
		889CD1B619AD85C50099238F /* 12.JPG in Resources */ = {isa = PBXBuildFile; fileRef = 889CD19619AD85C50099238F /* 12.JPG */; };
		889CD1B719AD85C50099238F /* 13.JPG in Resources */ = {isa = PBXBuildFile; fileRef = 889CD19719AD85C50099238F /* 13.JPG */; };
		889CD1B819AD85C50099238F /* 14.JPG in Resources */ = {isa = PBXBuildFile; fileRef = 889CD19819AD85C50099238F /* 14.JPG */; };
		889CD1B919AD85C50099238F /* 15.JPG in Resources */ = {isa = PBXBuildFile; fileRef = 889CD19919AD85C50099238F /* 15.JPG */; };
		889CD1BA19AD85C50099238F /* 16.JPG in Resources */ = {isa = PBXBuildFile; fileRef = 889CD19A19AD85C50099238F /* 16.JPG */; };
		889CD1BB19AD85C50099238F /* 17.JPG in Resources */ = {isa = PBXBuildFile; fileRef = 889CD19B19AD85C50099238F /* 17.JPG */; };
		889CD1BC19AD85C50099238F /* 18.JPG in Resources */ = {isa = PBXBuildFile; fileRef = 889CD19C19AD85C50099238F /* 18.JPG */; };
		889CD1BD19AD85C50099238F /* 19.JPG in Resources */ = {isa = PBXBuildFile; fileRef = 889CD19D19AD85C50099238F /* 19.JPG */; };
		889CD1BE19AD85C50099238F /* 2.JPG in Resources */ = {isa = PBXBuildFile; fileRef = 889CD19E19AD85C50099238F /* 2.JPG */; };
		889CD1BF19AD85C50099238F /* 20.JPG in Resources */ = {isa = PBXBuildFile; fileRef = 889CD19F19AD85C50099238F /* 20.JPG */; };
		889CD1C019AD85C50099238F /* 21.JPG in Resources */ = {isa = PBXBuildFile; fileRef = 889CD1A019AD85C50099238F /* 21.JPG */; };
		889CD1C119AD85C50099238F /* 22.JPG in Resources */ = {isa = PBXBuildFile; fileRef = 889CD1A119AD85C50099238F /* 22.JPG */; };
		889CD1C219AD85C50099238F /* 23.JPG in Resources */ = {isa = PBXBuildFile; fileRef = 889CD1A219AD85C50099238F /* 23.JPG */; };
		889CD1C319AD85C50099238F /* 24.JPG in Resources */ = {isa = PBXBuildFile; fileRef = 889CD1A319AD85C50099238F /* 24.JPG */; };
		889CD1C419AD85C50099238F /* 25.JPG in Resources */ = {isa = PBXBuildFile; fileRef = 889CD1A419AD85C50099238F /* 25.JPG */; };
		889CD1C519AD85C50099238F /* 26.JPG in Resources */ = {isa = PBXBuildFile; fileRef = 889CD1A519AD85C50099238F /* 26.JPG */; };
		889CD1C619AD85C50099238F /* 27.JPG in Resources */ = {isa = PBXBuildFile; fileRef = 889CD1A619AD85C50099238F /* 27.JPG */; };
		889CD1C719AD85C50099238F /* 28.JPG in Resources */ = {isa = PBXBuildFile; fileRef = 889CD1A719AD85C50099238F /* 28.JPG */; };
		889CD1C819AD85C50099238F /* 29.JPG in Resources */ = {isa = PBXBuildFile; fileRef = 889CD1A819AD85C50099238F /* 29.JPG */; };
		889CD1C919AD85C50099238F /* 3.JPG in Resources */ = {isa = PBXBuildFile; fileRef = 889CD1A919AD85C50099238F /* 3.JPG */; };
		889CD1CA19AD85C50099238F /* 30.JPG in Resources */ = {isa = PBXBuildFile; fileRef = 889CD1AA19AD85C50099238F /* 30.JPG */; };
		889CD1CB19AD85C50099238F /* 31.JPG in Resources */ = {isa = PBXBuildFile; fileRef = 889CD1AB19AD85C50099238F /* 31.JPG */; };
		889CD1CC19AD85C50099238F /* 4.JPG in Resources */ = {isa = PBXBuildFile; fileRef = 889CD1AC19AD85C50099238F /* 4.JPG */; };
		889CD1CD19AD85C50099238F /* 5.JPG in Resources */ = {isa = PBXBuildFile; fileRef = 889CD1AD19AD85C50099238F /* 5.JPG */; };
		889CD1CE19AD85C50099238F /* 6.JPG in Resources */ = {isa = PBXBuildFile; fileRef = 889CD1AE19AD85C50099238F /* 6.JPG */; };
		889CD1CF19AD85C50099238F /* 7.JPG in Resources */ = {isa = PBXBuildFile; fileRef = 889CD1AF19AD85C50099238F /* 7.JPG */; };
		889CD1D019AD85C50099238F /* 8.JPG in Resources */ = {isa = PBXBuildFile; fileRef = 889CD1B019AD85C50099238F /* 8.JPG */; };
		889CD1D119AD85C50099238F /* 9.JPG in Resources */ = {isa = PBXBuildFile; fileRef = 889CD1B119AD85C50099238F /* 9.JPG */; };
		889CD1D519AD86100099238F /* SQSupplementaryView.xib in Resources */ = {isa = PBXBuildFile; fileRef = 889CD1D319AD86100099238F /* SQSupplementaryView.xib */; };
/* End PBXBuildFile section */

/* Begin PBXContainerItemProxy section */
		889CD17D19AD840D0099238F /* PBXContainerItemProxy */ = {
			isa = PBXContainerItemProxy;
			containerPortal = 889CD14F19AD840C0099238F /* Project object */;
			proxyType = 1;
			remoteGlobalIDString = 889CD15619AD840C0099238F;
			remoteInfo = CollectoinUseDemo;
		};
/* End PBXContainerItemProxy section */

/* Begin PBXFileReference section */
		820F22451BDBC764001B0377 /* SQCollectionCell.xib */ = {isa = PBXFileReference; fileEncoding = 4; lastKnownFileType = file.xib; path = SQCollectionCell.xib; sourceTree = "<group>"; };
		821A93BF1BCDF1700054C078 /* MacroDefinition.h */ = {isa = PBXFileReference; lastKnownFileType = sourcecode.c.h; path = MacroDefinition.h; sourceTree = "<group>"; };
		821A93C91BCE45260054C078 /* WYViewController.h */ = {isa = PBXFileReference; fileEncoding = 4; lastKnownFileType = sourcecode.c.h; path = WYViewController.h; sourceTree = "<group>"; };
		821A93CA1BCE45260054C078 /* WYViewController.m */ = {isa = PBXFileReference; fileEncoding = 4; lastKnownFileType = sourcecode.c.objc; path = WYViewController.m; sourceTree = "<group>"; };
		821A93CC1BCE45CC0054C078 /* MyFooterView.h */ = {isa = PBXFileReference; fileEncoding = 4; lastKnownFileType = sourcecode.c.h; path = MyFooterView.h; sourceTree = "<group>"; };
		821A93CD1BCE45CC0054C078 /* MyFooterView.m */ = {isa = PBXFileReference; fileEncoding = 4; lastKnownFileType = sourcecode.c.objc; path = MyFooterView.m; sourceTree = "<group>"; };
		821A93CE1BCE45CC0054C078 /* MyHeaderView.h */ = {isa = PBXFileReference; fileEncoding = 4; lastKnownFileType = sourcecode.c.h; path = MyHeaderView.h; sourceTree = "<group>"; };
		821A93CF1BCE45CC0054C078 /* MyHeaderView.m */ = {isa = PBXFileReference; fileEncoding = 4; lastKnownFileType = sourcecode.c.objc; path = MyHeaderView.m; sourceTree = "<group>"; };
		889CD15719AD840C0099238F /* CollectoinUseDemo.app */ = {isa = PBXFileReference; explicitFileType = wrapper.application; includeInIndex = 0; path = CollectoinUseDemo.app; sourceTree = BUILT_PRODUCTS_DIR; };
		889CD15A19AD840C0099238F /* Foundation.framework */ = {isa = PBXFileReference; lastKnownFileType = wrapper.framework; name = Foundation.framework; path = System/Library/Frameworks/Foundation.framework; sourceTree = SDKROOT; };
		889CD15C19AD840C0099238F /* CoreGraphics.framework */ = {isa = PBXFileReference; lastKnownFileType = wrapper.framework; name = CoreGraphics.framework; path = System/Library/Frameworks/CoreGraphics.framework; sourceTree = SDKROOT; };
		889CD15E19AD840C0099238F /* UIKit.framework */ = {isa = PBXFileReference; lastKnownFileType = wrapper.framework; name = UIKit.framework; path = System/Library/Frameworks/UIKit.framework; sourceTree = SDKROOT; };
		889CD16219AD840C0099238F /* CollectoinUseDemo-Info.plist */ = {isa = PBXFileReference; lastKnownFileType = text.plist.xml; path = "CollectoinUseDemo-Info.plist"; sourceTree = "<group>"; };
		889CD16419AD840C0099238F /* en */ = {isa = PBXFileReference; lastKnownFileType = text.plist.strings; name = en; path = en.lproj/InfoPlist.strings; sourceTree = "<group>"; };
		889CD16619AD840C0099238F /* main.m */ = {isa = PBXFileReference; lastKnownFileType = sourcecode.c.objc; path = main.m; sourceTree = "<group>"; };
		889CD16819AD840C0099238F /* CollectoinUseDemo-Prefix.pch */ = {isa = PBXFileReference; lastKnownFileType = sourcecode.c.h; path = "CollectoinUseDemo-Prefix.pch"; sourceTree = "<group>"; };
		889CD16919AD840C0099238F /* WYAppDelegate.h */ = {isa = PBXFileReference; lastKnownFileType = sourcecode.c.h; path = WYAppDelegate.h; sourceTree = "<group>"; };
		889CD16A19AD840C0099238F /* WYAppDelegate.m */ = {isa = PBXFileReference; lastKnownFileType = sourcecode.c.objc; path = WYAppDelegate.m; sourceTree = "<group>"; };
		889CD17219AD840C0099238F /* Images.xcassets */ = {isa = PBXFileReference; lastKnownFileType = folder.assetcatalog; path = Images.xcassets; sourceTree = "<group>"; };
		889CD17819AD840D0099238F /* CollectoinUseDemoTests.xctest */ = {isa = PBXFileReference; explicitFileType = wrapper.cfbundle; includeInIndex = 0; path = CollectoinUseDemoTests.xctest; sourceTree = BUILT_PRODUCTS_DIR; };
		889CD17919AD840D0099238F /* XCTest.framework */ = {isa = PBXFileReference; lastKnownFileType = wrapper.framework; name = XCTest.framework; path = Library/Frameworks/XCTest.framework; sourceTree = DEVELOPER_DIR; };
		889CD18119AD840D0099238F /* CollectoinUseDemoTests-Info.plist */ = {isa = PBXFileReference; lastKnownFileType = text.plist.xml; path = "CollectoinUseDemoTests-Info.plist"; sourceTree = "<group>"; };
		889CD18319AD840D0099238F /* en */ = {isa = PBXFileReference; lastKnownFileType = text.plist.strings; name = en; path = en.lproj/InfoPlist.strings; sourceTree = "<group>"; };
		889CD18519AD840D0099238F /* CollectoinUseDemoTests.m */ = {isa = PBXFileReference; lastKnownFileType = sourcecode.c.objc; path = CollectoinUseDemoTests.m; sourceTree = "<group>"; };
		889CD18F19AD852C0099238F /* WYViewController.xib */ = {isa = PBXFileReference; fileEncoding = 4; lastKnownFileType = file.xib; name = WYViewController.xib; path = ../WYViewController.xib; sourceTree = "<group>"; };
		889CD19219AD85C50099238F /* 0.JPG */ = {isa = PBXFileReference; lastKnownFileType = image.jpeg; path = 0.JPG; sourceTree = "<group>"; };
		889CD19319AD85C50099238F /* 1.JPG */ = {isa = PBXFileReference; lastKnownFileType = image.jpeg; path = 1.JPG; sourceTree = "<group>"; };
		889CD19419AD85C50099238F /* 10.JPG */ = {isa = PBXFileReference; lastKnownFileType = image.jpeg; path = 10.JPG; sourceTree = "<group>"; };
		889CD19519AD85C50099238F /* 11.JPG */ = {isa = PBXFileReference; lastKnownFileType = image.jpeg; path = 11.JPG; sourceTree = "<group>"; };
		889CD19619AD85C50099238F /* 12.JPG */ = {isa = PBXFileReference; lastKnownFileType = image.jpeg; path = 12.JPG; sourceTree = "<group>"; };
		889CD19719AD85C50099238F /* 13.JPG */ = {isa = PBXFileReference; lastKnownFileType = image.jpeg; path = 13.JPG; sourceTree = "<group>"; };
		889CD19819AD85C50099238F /* 14.JPG */ = {isa = PBXFileReference; lastKnownFileType = image.jpeg; path = 14.JPG; sourceTree = "<group>"; };
		889CD19919AD85C50099238F /* 15.JPG */ = {isa = PBXFileReference; lastKnownFileType = image.jpeg; path = 15.JPG; sourceTree = "<group>"; };
		889CD19A19AD85C50099238F /* 16.JPG */ = {isa = PBXFileReference; lastKnownFileType = image.jpeg; path = 16.JPG; sourceTree = "<group>"; };
		889CD19B19AD85C50099238F /* 17.JPG */ = {isa = PBXFileReference; lastKnownFileType = image.jpeg; path = 17.JPG; sourceTree = "<group>"; };
		889CD19C19AD85C50099238F /* 18.JPG */ = {isa = PBXFileReference; lastKnownFileType = image.jpeg; path = 18.JPG; sourceTree = "<group>"; };
		889CD19D19AD85C50099238F /* 19.JPG */ = {isa = PBXFileReference; lastKnownFileType = image.jpeg; path = 19.JPG; sourceTree = "<group>"; };
		889CD19E19AD85C50099238F /* 2.JPG */ = {isa = PBXFileReference; lastKnownFileType = image.jpeg; path = 2.JPG; sourceTree = "<group>"; };
		889CD19F19AD85C50099238F /* 20.JPG */ = {isa = PBXFileReference; lastKnownFileType = image.jpeg; path = 20.JPG; sourceTree = "<group>"; };
		889CD1A019AD85C50099238F /* 21.JPG */ = {isa = PBXFileReference; lastKnownFileType = image.jpeg; path = 21.JPG; sourceTree = "<group>"; };
		889CD1A119AD85C50099238F /* 22.JPG */ = {isa = PBXFileReference; lastKnownFileType = image.jpeg; path = 22.JPG; sourceTree = "<group>"; };
		889CD1A219AD85C50099238F /* 23.JPG */ = {isa = PBXFileReference; lastKnownFileType = image.jpeg; path = 23.JPG; sourceTree = "<group>"; };
		889CD1A319AD85C50099238F /* 24.JPG */ = {isa = PBXFileReference; lastKnownFileType = image.jpeg; path = 24.JPG; sourceTree = "<group>"; };
		889CD1A419AD85C50099238F /* 25.JPG */ = {isa = PBXFileReference; lastKnownFileType = image.jpeg; path = 25.JPG; sourceTree = "<group>"; };
		889CD1A519AD85C50099238F /* 26.JPG */ = {isa = PBXFileReference; lastKnownFileType = image.jpeg; path = 26.JPG; sourceTree = "<group>"; };
		889CD1A619AD85C50099238F /* 27.JPG */ = {isa = PBXFileReference; lastKnownFileType = image.jpeg; path = 27.JPG; sourceTree = "<group>"; };
		889CD1A719AD85C50099238F /* 28.JPG */ = {isa = PBXFileReference; lastKnownFileType = image.jpeg; path = 28.JPG; sourceTree = "<group>"; };
		889CD1A819AD85C50099238F /* 29.JPG */ = {isa = PBXFileReference; lastKnownFileType = image.jpeg; path = 29.JPG; sourceTree = "<group>"; };
		889CD1A919AD85C50099238F /* 3.JPG */ = {isa = PBXFileReference; lastKnownFileType = image.jpeg; path = 3.JPG; sourceTree = "<group>"; };
		889CD1AA19AD85C50099238F /* 30.JPG */ = {isa = PBXFileReference; lastKnownFileType = image.jpeg; path = 30.JPG; sourceTree = "<group>"; };
		889CD1AB19AD85C50099238F /* 31.JPG */ = {isa = PBXFileReference; lastKnownFileType = image.jpeg; path = 31.JPG; sourceTree = "<group>"; };
		889CD1AC19AD85C50099238F /* 4.JPG */ = {isa = PBXFileReference; lastKnownFileType = image.jpeg; path = 4.JPG; sourceTree = "<group>"; };
		889CD1AD19AD85C50099238F /* 5.JPG */ = {isa = PBXFileReference; lastKnownFileType = image.jpeg; path = 5.JPG; sourceTree = "<group>"; };
		889CD1AE19AD85C50099238F /* 6.JPG */ = {isa = PBXFileReference; lastKnownFileType = image.jpeg; path = 6.JPG; sourceTree = "<group>"; };
		889CD1AF19AD85C50099238F /* 7.JPG */ = {isa = PBXFileReference; lastKnownFileType = image.jpeg; path = 7.JPG; sourceTree = "<group>"; };
		889CD1B019AD85C50099238F /* 8.JPG */ = {isa = PBXFileReference; lastKnownFileType = image.jpeg; path = 8.JPG; sourceTree = "<group>"; };
		889CD1B119AD85C50099238F /* 9.JPG */ = {isa = PBXFileReference; lastKnownFileType = image.jpeg; path = 9.JPG; sourceTree = "<group>"; };
		889CD1D319AD86100099238F /* SQSupplementaryView.xib */ = {isa = PBXFileReference; fileEncoding = 4; lastKnownFileType = file.xib; name = SQSupplementaryView.xib; path = ../SQSupplementaryView.xib; sourceTree = "<group>"; };
/* End PBXFileReference section */

/* Begin PBXFrameworksBuildPhase section */
		889CD15419AD840C0099238F /* Frameworks */ = {
			isa = PBXFrameworksBuildPhase;
			buildActionMask = 2147483647;
			files = (
				889CD15D19AD840C0099238F /* CoreGraphics.framework in Frameworks */,
				889CD15F19AD840C0099238F /* UIKit.framework in Frameworks */,
				889CD15B19AD840C0099238F /* Foundation.framework in Frameworks */,
			);
			runOnlyForDeploymentPostprocessing = 0;
		};
		889CD17519AD840D0099238F /* Frameworks */ = {
			isa = PBXFrameworksBuildPhase;
			buildActionMask = 2147483647;
			files = (
				889CD17A19AD840D0099238F /* XCTest.framework in Frameworks */,
				889CD17C19AD840D0099238F /* UIKit.framework in Frameworks */,
				889CD17B19AD840D0099238F /* Foundation.framework in Frameworks */,
			);
			runOnlyForDeploymentPostprocessing = 0;
		};
/* End PBXFrameworksBuildPhase section */

/* Begin PBXGroup section */
		821A93C21BCE202B0054C078 /* View */ = {
			isa = PBXGroup;
			children = (
				889CD18F19AD852C0099238F /* WYViewController.xib */,
				889CD1D319AD86100099238F /* SQSupplementaryView.xib */,
				820F22451BDBC764001B0377 /* SQCollectionCell.xib */,
				821A93CC1BCE45CC0054C078 /* MyFooterView.h */,
				821A93CD1BCE45CC0054C078 /* MyFooterView.m */,
				821A93CE1BCE45CC0054C078 /* MyHeaderView.h */,
				821A93CF1BCE45CC0054C078 /* MyHeaderView.m */,
			);
			path = View;
			sourceTree = "<group>";
		};
		821A93C81BCE45260054C078 /* Main */ = {
			isa = PBXGroup;
			children = (
				821A93C91BCE45260054C078 /* WYViewController.h */,
				821A93CA1BCE45260054C078 /* WYViewController.m */,
			);
			path = Main;
			sourceTree = "<group>";
		};
		889CD14E19AD840C0099238F = {
			isa = PBXGroup;
			children = (
				889CD16019AD840C0099238F /* CollectoinUseDemo */,
				889CD17F19AD840D0099238F /* CollectoinUseDemoTests */,
				889CD15919AD840C0099238F /* Frameworks */,
				889CD15819AD840C0099238F /* Products */,
			);
			sourceTree = "<group>";
		};
		889CD15819AD840C0099238F /* Products */ = {
			isa = PBXGroup;
			children = (
				889CD15719AD840C0099238F /* CollectoinUseDemo.app */,
				889CD17819AD840D0099238F /* CollectoinUseDemoTests.xctest */,
			);
			name = Products;
			sourceTree = "<group>";
		};
		889CD15919AD840C0099238F /* Frameworks */ = {
			isa = PBXGroup;
			children = (
				889CD15A19AD840C0099238F /* Foundation.framework */,
				889CD15C19AD840C0099238F /* CoreGraphics.framework */,
				889CD15E19AD840C0099238F /* UIKit.framework */,
				889CD17919AD840D0099238F /* XCTest.framework */,
			);
			name = Frameworks;
			sourceTree = "<group>";
		};
		889CD16019AD840C0099238F /* CollectoinUseDemo */ = {
			isa = PBXGroup;
			children = (
				821A93C21BCE202B0054C078 /* View */,
				821A93C81BCE45260054C078 /* Main */,
				821A93BF1BCDF1700054C078 /* MacroDefinition.h */,
				889CD16919AD840C0099238F /* WYAppDelegate.h */,
				889CD16A19AD840C0099238F /* WYAppDelegate.m */,
				889CD19119AD85C50099238F /* thumb */,
				889CD17219AD840C0099238F /* Images.xcassets */,
				889CD16119AD840C0099238F /* Supporting Files */,
			);
			path = CollectoinUseDemo;
			sourceTree = "<group>";
		};
		889CD16119AD840C0099238F /* Supporting Files */ = {
			isa = PBXGroup;
			children = (
				889CD16219AD840C0099238F /* CollectoinUseDemo-Info.plist */,
				889CD16319AD840C0099238F /* InfoPlist.strings */,
				889CD16619AD840C0099238F /* main.m */,
				889CD16819AD840C0099238F /* CollectoinUseDemo-Prefix.pch */,
			);
			name = "Supporting Files";
			sourceTree = "<group>";
		};
		889CD17F19AD840D0099238F /* CollectoinUseDemoTests */ = {
			isa = PBXGroup;
			children = (
				889CD18519AD840D0099238F /* CollectoinUseDemoTests.m */,
				889CD18019AD840D0099238F /* Supporting Files */,
			);
			path = CollectoinUseDemoTests;
			sourceTree = "<group>";
		};
		889CD18019AD840D0099238F /* Supporting Files */ = {
			isa = PBXGroup;
			children = (
				889CD18119AD840D0099238F /* CollectoinUseDemoTests-Info.plist */,
				889CD18219AD840D0099238F /* InfoPlist.strings */,
			);
			name = "Supporting Files";
			sourceTree = "<group>";
		};
		889CD19119AD85C50099238F /* thumb */ = {
			isa = PBXGroup;
			children = (
				889CD19219AD85C50099238F /* 0.JPG */,
				889CD19319AD85C50099238F /* 1.JPG */,
				889CD19419AD85C50099238F /* 10.JPG */,
				889CD19519AD85C50099238F /* 11.JPG */,
				889CD19619AD85C50099238F /* 12.JPG */,
				889CD19719AD85C50099238F /* 13.JPG */,
				889CD19819AD85C50099238F /* 14.JPG */,
				889CD19919AD85C50099238F /* 15.JPG */,
				889CD19A19AD85C50099238F /* 16.JPG */,
				889CD19B19AD85C50099238F /* 17.JPG */,
				889CD19C19AD85C50099238F /* 18.JPG */,
				889CD19D19AD85C50099238F /* 19.JPG */,
				889CD19E19AD85C50099238F /* 2.JPG */,
				889CD19F19AD85C50099238F /* 20.JPG */,
				889CD1A019AD85C50099238F /* 21.JPG */,
				889CD1A119AD85C50099238F /* 22.JPG */,
				889CD1A219AD85C50099238F /* 23.JPG */,
				889CD1A319AD85C50099238F /* 24.JPG */,
				889CD1A419AD85C50099238F /* 25.JPG */,
				889CD1A519AD85C50099238F /* 26.JPG */,
				889CD1A619AD85C50099238F /* 27.JPG */,
				889CD1A719AD85C50099238F /* 28.JPG */,
				889CD1A819AD85C50099238F /* 29.JPG */,
				889CD1A919AD85C50099238F /* 3.JPG */,
				889CD1AA19AD85C50099238F /* 30.JPG */,
				889CD1AB19AD85C50099238F /* 31.JPG */,
				889CD1AC19AD85C50099238F /* 4.JPG */,
				889CD1AD19AD85C50099238F /* 5.JPG */,
				889CD1AE19AD85C50099238F /* 6.JPG */,
				889CD1AF19AD85C50099238F /* 7.JPG */,
				889CD1B019AD85C50099238F /* 8.JPG */,
				889CD1B119AD85C50099238F /* 9.JPG */,
			);
			path = thumb;
			sourceTree = "<group>";
		};
/* End PBXGroup section */

/* Begin PBXNativeTarget section */
		889CD15619AD840C0099238F /* CollectoinUseDemo */ = {
			isa = PBXNativeTarget;
			buildConfigurationList = 889CD18919AD840D0099238F /* Build configuration list for PBXNativeTarget "CollectoinUseDemo" */;
			buildPhases = (
				889CD15319AD840C0099238F /* Sources */,
				889CD15419AD840C0099238F /* Frameworks */,
				889CD15519AD840C0099238F /* Resources */,
			);
			buildRules = (
			);
			dependencies = (
			);
			name = CollectoinUseDemo;
			productName = CollectoinUseDemo;
			productReference = 889CD15719AD840C0099238F /* CollectoinUseDemo.app */;
			productType = "com.apple.product-type.application";
		};
		889CD17719AD840D0099238F /* CollectoinUseDemoTests */ = {
			isa = PBXNativeTarget;
			buildConfigurationList = 889CD18C19AD840D0099238F /* Build configuration list for PBXNativeTarget "CollectoinUseDemoTests" */;
			buildPhases = (
				889CD17419AD840D0099238F /* Sources */,
				889CD17519AD840D0099238F /* Frameworks */,
				889CD17619AD840D0099238F /* Resources */,
			);
			buildRules = (
			);
			dependencies = (
				889CD17E19AD840D0099238F /* PBXTargetDependency */,
			);
			name = CollectoinUseDemoTests;
			productName = CollectoinUseDemoTests;
			productReference = 889CD17819AD840D0099238F /* CollectoinUseDemoTests.xctest */;
			productType = "com.apple.product-type.bundle.unit-test";
		};
/* End PBXNativeTarget section */

/* Begin PBXProject section */
		889CD14F19AD840C0099238F /* Project object */ = {
			isa = PBXProject;
			attributes = {
				CLASSPREFIX = WY;
				LastUpgradeCheck = 0510;
				ORGANIZATIONNAME = Numob.com;
				TargetAttributes = {
					889CD17719AD840D0099238F = {
						TestTargetID = 889CD15619AD840C0099238F;
					};
				};
			};
			buildConfigurationList = 889CD15219AD840C0099238F /* Build configuration list for PBXProject "CollectoinUseDemo" */;
			compatibilityVersion = "Xcode 3.2";
			developmentRegion = English;
			hasScannedForEncodings = 0;
			knownRegions = (
				en,
				Base,
			);
			mainGroup = 889CD14E19AD840C0099238F;
			productRefGroup = 889CD15819AD840C0099238F /* Products */;
			projectDirPath = "";
			projectRoot = "";
			targets = (
				889CD15619AD840C0099238F /* CollectoinUseDemo */,
				889CD17719AD840D0099238F /* CollectoinUseDemoTests */,
			);
		};
/* End PBXProject section */

/* Begin PBXResourcesBuildPhase section */
		889CD15519AD840C0099238F /* Resources */ = {
			isa = PBXResourcesBuildPhase;
			buildActionMask = 2147483647;
			files = (
				889CD1CF19AD85C50099238F /* 7.JPG in Resources */,
				889CD1C819AD85C50099238F /* 29.JPG in Resources */,
				889CD1BD19AD85C50099238F /* 19.JPG in Resources */,
				889CD1CD19AD85C50099238F /* 5.JPG in Resources */,
				820F22461BDBC764001B0377 /* SQCollectionCell.xib in Resources */,
				889CD1BB19AD85C50099238F /* 17.JPG in Resources */,
				889CD1BA19AD85C50099238F /* 16.JPG in Resources */,
				889CD1BC19AD85C50099238F /* 18.JPG in Resources */,
				889CD1B919AD85C50099238F /* 15.JPG in Resources */,
				889CD1CC19AD85C50099238F /* 4.JPG in Resources */,
				889CD1B819AD85C50099238F /* 14.JPG in Resources */,
				889CD1C619AD85C50099238F /* 27.JPG in Resources */,
				889CD1CE19AD85C50099238F /* 6.JPG in Resources */,
				889CD1C319AD85C50099238F /* 24.JPG in Resources */,
				889CD1BE19AD85C50099238F /* 2.JPG in Resources */,
				889CD1D019AD85C50099238F /* 8.JPG in Resources */,
				889CD1B619AD85C50099238F /* 12.JPG in Resources */,
				889CD1C119AD85C50099238F /* 22.JPG in Resources */,
				889CD1C419AD85C50099238F /* 25.JPG in Resources */,
				889CD1B419AD85C50099238F /* 10.JPG in Resources */,
				889CD1C219AD85C50099238F /* 23.JPG in Resources */,
				889CD1CB19AD85C50099238F /* 31.JPG in Resources */,
				889CD1B219AD85C50099238F /* 0.JPG in Resources */,
				889CD1C719AD85C50099238F /* 28.JPG in Resources */,
				889CD1B519AD85C50099238F /* 11.JPG in Resources */,
				889CD1BF19AD85C50099238F /* 20.JPG in Resources */,
				889CD1C019AD85C50099238F /* 21.JPG in Resources */,
				889CD1D119AD85C50099238F /* 9.JPG in Resources */,
				889CD17319AD840C0099238F /* Images.xcassets in Resources */,
				889CD1B319AD85C50099238F /* 1.JPG in Resources */,
				889CD1D519AD86100099238F /* SQSupplementaryView.xib in Resources */,
				889CD1C519AD85C50099238F /* 26.JPG in Resources */,
				889CD1B719AD85C50099238F /* 13.JPG in Resources */,
				889CD1CA19AD85C50099238F /* 30.JPG in Resources */,
				889CD1C919AD85C50099238F /* 3.JPG in Resources */,
				889CD16519AD840C0099238F /* InfoPlist.strings in Resources */,
				889CD19019AD852C0099238F /* WYViewController.xib in Resources */,
			);
			runOnlyForDeploymentPostprocessing = 0;
		};
		889CD17619AD840D0099238F /* Resources */ = {
			isa = PBXResourcesBuildPhase;
			buildActionMask = 2147483647;
			files = (
				889CD18419AD840D0099238F /* InfoPlist.strings in Resources */,
			);
			runOnlyForDeploymentPostprocessing = 0;
		};
/* End PBXResourcesBuildPhase section */

/* Begin PBXSourcesBuildPhase section */
		889CD15319AD840C0099238F /* Sources */ = {
			isa = PBXSourcesBuildPhase;
			buildActionMask = 2147483647;
			files = (
				889CD16B19AD840C0099238F /* WYAppDelegate.m in Sources */,
				889CD16719AD840C0099238F /* main.m in Sources */,
				821A93D11BCE45CC0054C078 /* MyHeaderView.m in Sources */,
				821A93D01BCE45CC0054C078 /* MyFooterView.m in Sources */,
				821A93CB1BCE45270054C078 /* WYViewController.m in Sources */,
			);
			runOnlyForDeploymentPostprocessing = 0;
		};
		889CD17419AD840D0099238F /* Sources */ = {
			isa = PBXSourcesBuildPhase;
			buildActionMask = 2147483647;
			files = (
				889CD18619AD840D0099238F /* CollectoinUseDemoTests.m in Sources */,
			);
			runOnlyForDeploymentPostprocessing = 0;
		};
/* End PBXSourcesBuildPhase section */

/* Begin PBXTargetDependency section */
		889CD17E19AD840D0099238F /* PBXTargetDependency */ = {
			isa = PBXTargetDependency;
			target = 889CD15619AD840C0099238F /* CollectoinUseDemo */;
			targetProxy = 889CD17D19AD840D0099238F /* PBXContainerItemProxy */;
		};
/* End PBXTargetDependency section */

/* Begin PBXVariantGroup section */
		889CD16319AD840C0099238F /* InfoPlist.strings */ = {
			isa = PBXVariantGroup;
			children = (
				889CD16419AD840C0099238F /* en */,
			);
			name = InfoPlist.strings;
			sourceTree = "<group>";
		};
		889CD18219AD840D0099238F /* InfoPlist.strings */ = {
			isa = PBXVariantGroup;
			children = (
				889CD18319AD840D0099238F /* en */,
			);
			name = InfoPlist.strings;
			sourceTree = "<group>";
		};
/* End PBXVariantGroup section */

/* Begin XCBuildConfiguration section */
		889CD18719AD840D0099238F /* Debug */ = {
			isa = XCBuildConfiguration;
			buildSettings = {
				ALWAYS_SEARCH_USER_PATHS = NO;
				CLANG_CXX_LANGUAGE_STANDARD = "gnu++0x";
				CLANG_CXX_LIBRARY = "libc++";
				CLANG_ENABLE_MODULES = YES;
				CLANG_ENABLE_OBJC_ARC = YES;
				CLANG_WARN_BOOL_CONVERSION = YES;
				CLANG_WARN_CONSTANT_CONVERSION = YES;
				CLANG_WARN_DIRECT_OBJC_ISA_USAGE = YES_ERROR;
				CLANG_WARN_EMPTY_BODY = YES;
				CLANG_WARN_ENUM_CONVERSION = YES;
				CLANG_WARN_INT_CONVERSION = YES;
				CLANG_WARN_OBJC_ROOT_CLASS = YES_ERROR;
				CLANG_WARN__DUPLICATE_METHOD_MATCH = YES;
				"CODE_SIGN_IDENTITY[sdk=iphoneos*]" = "iPhone Developer";
				COPY_PHASE_STRIP = NO;
				GCC_C_LANGUAGE_STANDARD = gnu99;
				GCC_DYNAMIC_NO_PIC = NO;
				GCC_OPTIMIZATION_LEVEL = 0;
				GCC_PREPROCESSOR_DEFINITIONS = (
					"DEBUG=1",
					"$(inherited)",
				);
				GCC_SYMBOLS_PRIVATE_EXTERN = NO;
				GCC_WARN_64_TO_32_BIT_CONVERSION = YES;
				GCC_WARN_ABOUT_RETURN_TYPE = YES_ERROR;
				GCC_WARN_UNDECLARED_SELECTOR = YES;
				GCC_WARN_UNINITIALIZED_AUTOS = YES_AGGRESSIVE;
				GCC_WARN_UNUSED_FUNCTION = YES;
				GCC_WARN_UNUSED_VARIABLE = YES;
				IPHONEOS_DEPLOYMENT_TARGET = 7.1;
				ONLY_ACTIVE_ARCH = YES;
				SDKROOT = iphoneos;
			};
			name = Debug;
		};
		889CD18819AD840D0099238F /* Release */ = {
			isa = XCBuildConfiguration;
			buildSettings = {
				ALWAYS_SEARCH_USER_PATHS = NO;
				CLANG_CXX_LANGUAGE_STANDARD = "gnu++0x";
				CLANG_CXX_LIBRARY = "libc++";
				CLANG_ENABLE_MODULES = YES;
				CLANG_ENABLE_OBJC_ARC = YES;
				CLANG_WARN_BOOL_CONVERSION = YES;
				CLANG_WARN_CONSTANT_CONVERSION = YES;
				CLANG_WARN_DIRECT_OBJC_ISA_USAGE = YES_ERROR;
				CLANG_WARN_EMPTY_BODY = YES;
				CLANG_WARN_ENUM_CONVERSION = YES;
				CLANG_WARN_INT_CONVERSION = YES;
				CLANG_WARN_OBJC_ROOT_CLASS = YES_ERROR;
				CLANG_WARN__DUPLICATE_METHOD_MATCH = YES;
				"CODE_SIGN_IDENTITY[sdk=iphoneos*]" = "iPhone Developer";
				COPY_PHASE_STRIP = YES;
				ENABLE_NS_ASSERTIONS = NO;
				GCC_C_LANGUAGE_STANDARD = gnu99;
				GCC_WARN_64_TO_32_BIT_CONVERSION = YES;
				GCC_WARN_ABOUT_RETURN_TYPE = YES_ERROR;
				GCC_WARN_UNDECLARED_SELECTOR = YES;
				GCC_WARN_UNINITIALIZED_AUTOS = YES_AGGRESSIVE;
				GCC_WARN_UNUSED_FUNCTION = YES;
				GCC_WARN_UNUSED_VARIABLE = YES;
				IPHONEOS_DEPLOYMENT_TARGET = 7.1;
				SDKROOT = iphoneos;
				VALIDATE_PRODUCT = YES;
			};
			name = Release;
		};
		889CD18A19AD840D0099238F /* Debug */ = {
			isa = XCBuildConfiguration;
			buildSettings = {
				ASSETCATALOG_COMPILER_APPICON_NAME = "AppIcon-2";
				ASSETCATALOG_COMPILER_LAUNCHIMAGE_NAME = "LaunchImage-2";
				GCC_PRECOMPILE_PREFIX_HEADER = YES;
				GCC_PREFIX_HEADER = "CollectoinUseDemo/CollectoinUseDemo-Prefix.pch";
				INFOPLIST_FILE = "CollectoinUseDemo/CollectoinUseDemo-Info.plist";
				IPHONEOS_DEPLOYMENT_TARGET = 6.0;
				PRODUCT_NAME = "$(TARGET_NAME)";
				WRAPPER_EXTENSION = app;
			};
			name = Debug;
		};
		889CD18B19AD840D0099238F /* Release */ = {
			isa = XCBuildConfiguration;
			buildSettings = {
				ASSETCATALOG_COMPILER_APPICON_NAME = "AppIcon-2";
				ASSETCATALOG_COMPILER_LAUNCHIMAGE_NAME = "LaunchImage-2";
				GCC_PRECOMPILE_PREFIX_HEADER = YES;
				GCC_PREFIX_HEADER = "CollectoinUseDemo/CollectoinUseDemo-Prefix.pch";
				INFOPLIST_FILE = "CollectoinUseDemo/CollectoinUseDemo-Info.plist";
				IPHONEOS_DEPLOYMENT_TARGET = 6.0;
				PRODUCT_NAME = "$(TARGET_NAME)";
				WRAPPER_EXTENSION = app;
			};
			name = Release;
		};
		889CD18D19AD840D0099238F /* Debug */ = {
			isa = XCBuildConfiguration;
			buildSettings = {
				BUNDLE_LOADER = "$(BUILT_PRODUCTS_DIR)/CollectoinUseDemo.app/CollectoinUseDemo";
				FRAMEWORK_SEARCH_PATHS = (
					"$(SDKROOT)/Developer/Library/Frameworks",
					"$(inherited)",
					"$(DEVELOPER_FRAMEWORKS_DIR)",
				);
				GCC_PRECOMPILE_PREFIX_HEADER = YES;
				GCC_PREFIX_HEADER = "CollectoinUseDemo/CollectoinUseDemo-Prefix.pch";
				GCC_PREPROCESSOR_DEFINITIONS = (
					"DEBUG=1",
					"$(inherited)",
				);
				INFOPLIST_FILE = "CollectoinUseDemoTests/CollectoinUseDemoTests-Info.plist";
				PRODUCT_NAME = "$(TARGET_NAME)";
				TEST_HOST = "$(BUNDLE_LOADER)";
				WRAPPER_EXTENSION = xctest;
			};
			name = Debug;
		};
		889CD18E19AD840D0099238F /* Release */ = {
			isa = XCBuildConfiguration;
			buildSettings = {
				BUNDLE_LOADER = "$(BUILT_PRODUCTS_DIR)/CollectoinUseDemo.app/CollectoinUseDemo";
				FRAMEWORK_SEARCH_PATHS = (
					"$(SDKROOT)/Developer/Library/Frameworks",
					"$(inherited)",
					"$(DEVELOPER_FRAMEWORKS_DIR)",
				);
				GCC_PRECOMPILE_PREFIX_HEADER = YES;
				GCC_PREFIX_HEADER = "CollectoinUseDemo/CollectoinUseDemo-Prefix.pch";
				INFOPLIST_FILE = "CollectoinUseDemoTests/CollectoinUseDemoTests-Info.plist";
				PRODUCT_NAME = "$(TARGET_NAME)";
				TEST_HOST = "$(BUNDLE_LOADER)";
				WRAPPER_EXTENSION = xctest;
			};
			name = Release;
		};
/* End XCBuildConfiguration section */

/* Begin XCConfigurationList section */
		889CD15219AD840C0099238F /* Build configuration list for PBXProject "CollectoinUseDemo" */ = {
			isa = XCConfigurationList;
			buildConfigurations = (
				889CD18719AD840D0099238F /* Debug */,
				889CD18819AD840D0099238F /* Release */,
			);
			defaultConfigurationIsVisible = 0;
			defaultConfigurationName = Release;
		};
		889CD18919AD840D0099238F /* Build configuration list for PBXNativeTarget "CollectoinUseDemo" */ = {
			isa = XCConfigurationList;
			buildConfigurations = (
				889CD18A19AD840D0099238F /* Debug */,
				889CD18B19AD840D0099238F /* Release */,
			);
			defaultConfigurationIsVisible = 0;
			defaultConfigurationName = Release;
		};
		889CD18C19AD840D0099238F /* Build configuration list for PBXNativeTarget "CollectoinUseDemoTests" */ = {
			isa = XCConfigurationList;
			buildConfigurations = (
				889CD18D19AD840D0099238F /* Debug */,
				889CD18E19AD840D0099238F /* Release */,
			);
			defaultConfigurationIsVisible = 0;
			defaultConfigurationName = Release;
		};
/* End XCConfigurationList section */
	};
	rootObject = 889CD14F19AD840C0099238F /* Project object */;
}
